{
  "version": 4,
  "terraform_version": "1.14.8",
  "serial": 626,
  "lineage": "8797e803-3de4-0b01-48f6-c3212e68d82e",
  "outputs": {
    "private_key_path": {
      "value": "./capstone.pem",
      "type": "string"
    },
    "private_key_pem": {
      "value": "-----BEGIN RSA PRIVATE KEY-----\nMIIJJwIBAAKCAgEAoMqYMGNHhsLy3kd3YkajafA1eT7s4eTfiMZFMv5hZ6F8EuIv\n1LplVgsJUuv+7zpH6I/vMGwyHzdFpFbJF9FYs/2Cb8MPkjoFDqjms604QPfyrpyf\n2PRBMslFChHZUysUXvvPWprnocI8M2S7drX1ye0U3YQRLnozU2p6eqxLE+Gr09uU\n9k9kf3Jx8NkClTOtv9ww2lo128VdDwn9c1mXNI/cd81cbrhJmRbX1dF3atW1trF6\n588GDm9kJ2iVAQqQfchB0sluPPgqmWCjhF0DTVjWUYURpvAPJ41FFqwPPNMlzmRO\nN6oghbmff6Q0XEWOvkr6xXm1O8n4eiA3WDjQXSudgOmsBdnXym7NZTnsuMkazdC1\nPvOqhyMfJDZkeL02LNdF0sMiV2YnqYyBcQZWkiQudLq+guTBVVQIuUA8AN02jaG6\n7ey+pIALhKldNpzwar7HhHmP7odixls8QCMquKIVi1wYR4RV7Z6l9FIu+aMaE6PP\n98PqqONplthNHjQy88c0j0NpBE/S95I/P4Lnf9miZRJUzMKvHQmZ+8nBj+eYXW3K\nq+thHUmgGyH9Vi+RiDylIE/zApc3r9A/jgTMMNibBQBwLeYjTKjDoVinewp5iA8/\nvomedbWYw0EnP021TDDGmbqZ/km2VkND0GKwmuq2kuWn7HG/w/G7kecSO8sCAwEA\nAQKCAgBEW0zPCW3vkzJ4IA7Xd2tijs3U8VT4hfooJg5mKvITAfqC9qjZ+bI6HbAF\nkjHL102Zx5Mq1VyLm85eGs0b9JKO1oAc7mLQyhy7Sj/l9Aa9zAteg1SLge+z3RAe\nQ09Ohbp/1PKmtMMzqCU6viDaS2omQcXElLBPP4FRfat7OoMifSa1Bx1xh3gUnH1n\nJILuFk3QCpa0RXSvLV0uFxOqddSL8nsKbYJVyb/0NttkWcw4XYmGlTZIlWEgQufj\nvxjVm/2ok7m0GJFmlyRZF1X84CQWvmVCu90wyM7QhETyagyCUcu5TjhYftmbsDno\nJFFkRufz62FoEaFkPS2HEeoldeXSgbVaceA4FPlBuEAv3xUetl3dvdDbeKfZvtdQ\n1gGcXouy2J6bEd8Q1bUrDtvD6EBsGNpiG/di0+slLwRtgzehDzoanZIK9zelu7lg\nNIfsgqITTch9uGepGAtXbq5Dp7SlsNGSmVEP+MUf+3NSWtnYOS14LrURVR0fknse\nZfLWIxxL9uJLXTVr5es0qYfgIQ48Zjflosl+/kWzKU/RQGU6ec4fZSlX1sulDbNV\nKN9UyCBltAzvUN1MfoD3XxmWylWDcpXUyRAQL7I/0lydMuAMapb7fDsiEjJvAbb+\n+dZtM0o7j8GFuXaejaBNv9R2RJ9hTMhdrOhHpVET5mebPfRwiQKCAQEA0I0SpqqM\nPiHuqyUQvQZG1hgk15Kb/+8LrzEdmrwPW9hj5j2ycqSUUwy8eDxapSMwTnIzNym2\nvZsGxZocehQDK86nRETQc9KeZStHnfJOLYHrWn0/g7L0oyQMRyImNzpwqaIYQ3Xq\nNszMIMdn8BmHl3hCz87+4tgpDHopdiT++UkdRKKspjzYltEVe1FUszwJdsKj54cd\nWuXEX1YuH0Ik17ykKTLXL1omMIzmf2HD2Z0COFWb2IZwH3vqFv1Pm+VO8RL5rpDp\nm/fv4k4NcN/wXHP3ugY4oswSJwhAWXpP3PNT3iVeASWn+5QoUGxTIX7IsyBh13+p\nU8ruJ9m0dUR1mQKCAQEAxV/J6IzLCa/MB3yJlarWfg+XcwynzH2goa6xm9CGOu0r\nYKWqzQAxVh2PiZHFRQ75kpnn4PwpyJfQTGGDoi2X40v/FamZ+eImxnK7nUfhui/Z\nBTh4unBcdjvpLqLPnIoncItYM/yA8iOBfriWszSbYPsCBno62qnweAlj07QjIF+l\nJhd+o/uo/12o6cS72IdOj1e8nzRNXRzN6ZFhMjMzz/Y/neMwWrpQK7pz02zdtTRA\nJRRWOBCprd8Q15EW84hCOE2ipckl8WWr1cInDTcGfa2q8xCfhSxNxSJCVMKPROEq\nabXHTdsw3X2kGrnrn7MXl4nkubxLY+Qg960/MG6TAwKCAQANgVU33ct/KoteIeRX\nmVR1ANNB8oiPpldHXRLhtlP4SqcNfelUazv/tM9vqdjk4MZ8DgErDVR8KtHhcf1u\nGmWqLJPAZARru7PuMUNOAyb043juPzYhvTECb48r/BYldW9eTNTtaXFlYxXE+aTN\nc5nIQU1yT6FJ512hJTgSIoswcX+ntjEgAsiz245ckgO+J6ElQ62BjMpl3IM++UG7\nXHkuT1UCJfyxYFEgy78ReK9KJFTEeSbCetI/97JNEtJY8hyOl//7Qf8ezouGSC+u\no5HZKtlb/pMkV7rFNE+We8k4Mbm4pQrVYC7kp8+Ehb9MZ/1vPCWZ4vaAKqAJjJuX\nDHvhAoIBAE0QorCHULu+hWai7MGgi9F62wKT/Wyt3Ktkn3qcR9z4P8ijxvX2Tk02\ni5YGccUOHMpuB4jkTJhDFpTMOm53aOfaA4Z8y18zOzqfD7xQlcVx60XLj/AT8TZF\nHD4WWgPgOZgLAGyD+gERdf15q3XbY5PRTjAjR5mbYwYrfGvr2Q9J6RzfbZYvrAPR\nmSN1qnbYFgeIFWEANfjWR1wcZJwKO//GQX6vd3DlcGoyigkSZ9rZxPX1Y9jOQMJf\n556TyydZm6mKPqiGyqbfsOFsxny1cHZf+fCgG/kOnGsNfmLD+NbHKB1QWbp/jCvf\nY9T/pQ2dCugjckhHShR9vZWXcqXBdusCggEAdwoXfu+xCtVw36YR0XEcV5nyyJVB\ntLk4r2vqW04mpliTNTZZIiS37xFF4sLhjujGRwfdO6hsLjsiBJ2zbfIyS7xM++Hb\nTYPEKH3ksNNRsb1RaH0K/bas86npVXYPyMgd1y0b7Nz4llS6h3iqZjvHCsmmw0KF\nMz8BV5SHSmfxBM9LGjElVvaps+82ctCS3tXSMszNiMsCHT5hNu4bXAudtnN4IjLT\nURT5Y28GhuW5vxzPY79I/sQgbGe7aBZC/OXA0DuDkWUpbq/TBJp/M0+k/U5a3J80\nVSY3JDTndooLEXGusQ5/GdPnnMRUM61wfiKdC8klifKcyKG/QKMKBdO3Ag==\n-----END RSA PRIVATE KEY-----\n",
      "type": "string",
      "sensitive": true
    },
    "wordpress_url": {
      "value": "http://capstone-alb-1717258877.us-east-1.elb.amazonaws.com",
      "type": "string"
    }
  },
  "resources": [
    {
      "mode": "managed",
      "type": "aws_key_pair",
      "name": "deployer",
      "provider": "provider[\"registry.terraform.io/hashicorp/aws\"]",
      "instances": [
        {
          "schema_version": 1,
          "attributes": {
            "arn": "arn:aws:ec2:us-east-1:973399360835:key-pair/capstone-key",
            "fingerprint": "7e:a2:45:fb:59:27:26:8a:ab:0c:9b:73:ce:94:88:53",
            "id": "capstone-key",
            "key_name": "capstone-key",
            "key_name_prefix": "",
            "key_pair_id": "key-03436d8b05f96b128",
            "key_type": "rsa",
            "public_key": "ssh-rsa AAAAB3NzaC1yc2EAAAADAQABAAACAQCgypgwY0eGwvLeR3diRqNp8DV5Puzh5N+IxkUy/mFnoXwS4i/UumVWCwlS6/7vOkfoj+8wbDIfN0WkVskX0Viz/YJvww+SOgUOqOazrThA9/KunJ/Y9EEyyUUKEdlTKxRe+89amuehwjwzZLt2tfXJ7RTdhBEuejNTanp6rEsT4avT25T2T2R/cnHw2QKVM62/3DDaWjXbxV0PCf1zWZc0j9x3zVxuuEmZFtfV0Xdq1bW2sXrnzwYOb2QnaJUBCpB9yEHSyW48+CqZYKOEXQNNWNZRhRGm8A8njUUWrA880yXOZE43qiCFuZ9/pDRcRY6+SvrFebU7yfh6IDdYONBdK52A6awF2dfKbs1lOey4yRrN0LU+86qHIx8kNmR4vTYs10XSwyJXZiepjIFxBlaSJC50ur6C5MFVVAi5QDwA3TaNobrt7L6kgAuEqV02nPBqvseEeY/uh2LGWzxAIyq4ohWLXBhHhFXtnqX0Ui75oxoTo8/3w+qo42mW2E0eNDLzxzSPQ2kET9L3kj8/gud/2aJlElTMwq8dCZn7ycGP55hdbcqr62EdSaAbIf1WL5GIPKUgT/MClzev0D+OBMww2JsFAHAt5iNMqMOhWKd7CnmIDz++iZ51tZjDQSc/TbVMMMaZupn+SbZWQ0PQYrCa6raS5afscb/D8buR5xI7yw==",
            "region": "us-east-1",
            "tags": null,
            "tags_all": {}
          },
          "sensitive_attributes": [],
          "identity_schema_version": 0,
          "private": "eyJzY2hlbWFfdmVyc2lvbiI6IjEifQ==",
          "dependencies": [
            "tls_private_key.deployer"
          ]
        }
      ]
    },
    {
      "mode": "managed",
      "type": "local_file",
      "name": "private_key",
      "provider": "provider[\"registry.terraform.io/hashicorp/local\"]",
      "instances": [
        {
          "schema_version": 0,
          "attributes": {
            "content": "-----BEGIN RSA PRIVATE KEY-----\nMIIJJwIBAAKCAgEAoMqYMGNHhsLy3kd3YkajafA1eT7s4eTfiMZFMv5hZ6F8EuIv\n1LplVgsJUuv+7zpH6I/vMGwyHzdFpFbJF9FYs/2Cb8MPkjoFDqjms604QPfyrpyf\n2PRBMslFChHZUysUXvvPWprnocI8M2S7drX1ye0U3YQRLnozU2p6eqxLE+Gr09uU\n9k9kf3Jx8NkClTOtv9ww2lo128VdDwn9c1mXNI/cd81cbrhJmRbX1dF3atW1trF6\n588GDm9kJ2iVAQqQfchB0sluPPgqmWCjhF0DTVjWUYURpvAPJ41FFqwPPNMlzmRO\nN6oghbmff6Q0XEWOvkr6xXm1O8n4eiA3WDjQXSudgOmsBdnXym7NZTnsuMkazdC1\nPvOqhyMfJDZkeL02LNdF0sMiV2YnqYyBcQZWkiQudLq+guTBVVQIuUA8AN02jaG6\n7ey+pIALhKldNpzwar7HhHmP7odixls8QCMquKIVi1wYR4RV7Z6l9FIu+aMaE6PP\n98PqqONplthNHjQy88c0j0NpBE/S95I/P4Lnf9miZRJUzMKvHQmZ+8nBj+eYXW3K\nq+thHUmgGyH9Vi+RiDylIE/zApc3r9A/jgTMMNibBQBwLeYjTKjDoVinewp5iA8/\nvomedbWYw0EnP021TDDGmbqZ/km2VkND0GKwmuq2kuWn7HG/w/G7kecSO8sCAwEA\nAQKCAgBEW0zPCW3vkzJ4IA7Xd2tijs3U8VT4hfooJg5mKvITAfqC9qjZ+bI6HbAF\nkjHL102Zx5Mq1VyLm85eGs0b9JKO1oAc7mLQyhy7Sj/l9Aa9zAteg1SLge+z3RAe\nQ09Ohbp/1PKmtMMzqCU6viDaS2omQcXElLBPP4FRfat7OoMifSa1Bx1xh3gUnH1n\nJILuFk3QCpa0RXSvLV0uFxOqddSL8nsKbYJVyb/0NttkWcw4XYmGlTZIlWEgQufj\nvxjVm/2ok7m0GJFmlyRZF1X84CQWvmVCu90wyM7QhETyagyCUcu5TjhYftmbsDno\nJFFkRufz62FoEaFkPS2HEeoldeXSgbVaceA4FPlBuEAv3xUetl3dvdDbeKfZvtdQ\n1gGcXouy2J6bEd8Q1bUrDtvD6EBsGNpiG/di0+slLwRtgzehDzoanZIK9zelu7lg\nNIfsgqITTch9uGepGAtXbq5Dp7SlsNGSmVEP+MUf+3NSWtnYOS14LrURVR0fknse\nZfLWIxxL9uJLXTVr5es0qYfgIQ48Zjflosl+/kWzKU/RQGU6ec4fZSlX1sulDbNV\nKN9UyCBltAzvUN1MfoD3XxmWylWDcpXUyRAQL7I/0lydMuAMapb7fDsiEjJvAbb+\n+dZtM0o7j8GFuXaejaBNv9R2RJ9hTMhdrOhHpVET5mebPfRwiQKCAQEA0I0SpqqM\nPiHuqyUQvQZG1hgk15Kb/+8LrzEdmrwPW9hj5j2ycqSUUwy8eDxapSMwTnIzNym2\nvZsGxZocehQDK86nRETQc9KeZStHnfJOLYHrWn0/g7L0oyQMRyImNzpwqaIYQ3Xq\nNszMIMdn8BmHl3hCz87+4tgpDHopdiT++UkdRKKspjzYltEVe1FUszwJdsKj54cd\nWuXEX1YuH0Ik17ykKTLXL1omMIzmf2HD2Z0COFWb2IZwH3vqFv1Pm+VO8RL5rpDp\nm/fv4k4NcN/wXHP3ugY4oswSJwhAWXpP3PNT3iVeASWn+5QoUGxTIX7IsyBh13+p\nU8ruJ9m0dUR1mQKCAQEAxV/J6IzLCa/MB3yJlarWfg+XcwynzH2goa6xm9CGOu0r\nYKWqzQAxVh2PiZHFRQ75kpnn4PwpyJfQTGGDoi2X40v/FamZ+eImxnK7nUfhui/Z\nBTh4unBcdjvpLqLPnIoncItYM/yA8iOBfriWszSbYPsCBno62qnweAlj07QjIF+l\nJhd+o/uo/12o6cS72IdOj1e8nzRNXRzN6ZFhMjMzz/Y/neMwWrpQK7pz02zdtTRA\nJRRWOBCprd8Q15EW84hCOE2ipckl8WWr1cInDTcGfa2q8xCfhSxNxSJCVMKPROEq\nabXHTdsw3X2kGrnrn7MXl4nkubxLY+Qg960/MG6TAwKCAQANgVU33ct/KoteIeRX\nmVR1ANNB8oiPpldHXRLhtlP4SqcNfelUazv/tM9vqdjk4MZ8DgErDVR8KtHhcf1u\nGmWqLJPAZARru7PuMUNOAyb043juPzYhvTECb48r/BYldW9eTNTtaXFlYxXE+aTN\nc5nIQU1yT6FJ512hJTgSIoswcX+ntjEgAsiz245ckgO+J6ElQ62BjMpl3IM++UG7\nXHkuT1UCJfyxYFEgy78ReK9KJFTEeSbCetI/97JNEtJY8hyOl//7Qf8ezouGSC+u\no5HZKtlb/pMkV7rFNE+We8k4Mbm4pQrVYC7kp8+Ehb9MZ/1vPCWZ4vaAKqAJjJuX\nDHvhAoIBAE0QorCHULu+hWai7MGgi9F62wKT/Wyt3Ktkn3qcR9z4P8ijxvX2Tk02\ni5YGccUOHMpuB4jkTJhDFpTMOm53aOfaA4Z8y18zOzqfD7xQlcVx60XLj/AT8TZF\nHD4WWgPgOZgLAGyD+gERdf15q3XbY5PRTjAjR5mbYwYrfGvr2Q9J6RzfbZYvrAPR\nmSN1qnbYFgeIFWEANfjWR1wcZJwKO//GQX6vd3DlcGoyigkSZ9rZxPX1Y9jOQMJf\n556TyydZm6mKPqiGyqbfsOFsxny1cHZf+fCgG/kOnGsNfmLD+NbHKB1QWbp/jCvf\nY9T/pQ2dCugjckhHShR9vZWXcqXBdusCggEAdwoXfu+xCtVw36YR0XEcV5nyyJVB\ntLk4r2vqW04mpliTNTZZIiS37xFF4sLhjujGRwfdO6hsLjsiBJ2zbfIyS7xM++Hb\nTYPEKH3ksNNRsb1RaH0K/bas86npVXYPyMgd1y0b7Nz4llS6h3iqZjvHCsmmw0KF\nMz8BV5SHSmfxBM9LGjElVvaps+82ctCS3tXSMszNiMsCHT5hNu4bXAudtnN4IjLT\nURT5Y28GhuW5vxzPY79I/sQgbGe7aBZC/OXA0DuDkWUpbq/TBJp/M0+k/U5a3J80\nVSY3JDTndooLEXGusQ5/GdPnnMRUM61wfiKdC8klifKcyKG/QKMKBdO3Ag==\n-----END RSA PRIVATE KEY-----\n",
            "content_base64": null,
            "content_base64sha256": "29XOYBxSvPY+168pXZ0yNT0l0UlwzOFjF4zdaEisxK8=",
            "content_base64sha512": "fWRDGE8TAh3VD+FoQQpCJrMkBMem6yWhY//COxdY0mtIfCTj93WN3zae6xUyNRm9xhHMrwjg4oRaSCDrP6JRDw==",
            "content_md5": "39519b3cabe3d0b15de82bbcb042d533",
            "content_sha1": "e931e8a9084cf4cfcb551cf822c8a5f7ce6cda51",
            "content_sha256": "dbd5ce601c52bcf63ed7af295d9d32353d25d14970cce163178cdd6848acc4af",
            "content_sha512": "7d6443184f13021dd50fe168410a4226b32404c7a6eb25a163ffc23b1758d26b487c24e3f7758ddf369eeb15323519bdc611ccaf08e0e2845a4820eb3fa2510f",
            "directory_permission": "0777",
            "file_permission": "0400",
            "filename": "./capstone.pem",
            "id": "e931e8a9084cf4cfcb551cf822c8a5f7ce6cda51",
            "sensitive_content": null,
            "source": null
          },
          "sensitive_attributes": [
            [
              {
                "type": "get_attr",
                "value": "content"
              }
            ],
            [
              {
                "type": "get_attr",
                "value": "sensitive_content"
              }
            ]
          ],
          "identity_schema_version": 0,
          "dependencies": [
            "tls_private_key.deployer"
          ]
        }
      ]
    },
    {
      "mode": "managed",
      "type": "null_resource",
      "name": "copy_key_to_bastion",
      "provider": "provider[\"registry.terraform.io/hashicorp/null\"]",
      "instances": [
        {
          "schema_version": 0,
          "attributes": {
            "id": "6101793776057772775",
            "triggers": null
          },
          "sensitive_attributes": [],
          "identity_schema_version": 0,
          "dependencies": [
            "aws_key_pair.deployer",
            "local_file.private_key",
            "module.bastion.aws_instance.bastion",
            "module.bastion.aws_security_group.bastion_sg",
            "module.bastion.data.aws_ami.amazon_linux_2023",
            "module.subnets.aws_subnet.public",
            "module.vpc.aws_vpc.capstone_vpc",
            "tls_private_key.deployer"
          ]
        }
      ]
    },
    {
      "mode": "managed",
      "type": "tls_private_key",
      "name": "deployer",
      "provider": "provider[\"registry.terraform.io/hashicorp/tls\"]",
      "instances": [
        {
          "schema_version": 1,
          "attributes": {
            "algorithm": "RSA",
            "ecdsa_curve": "P224",
            "id": "f6a16cba03d0ffe19fabd51d3f33b221724a38c0",
            "private_key_openssh": "-----BEGIN OPENSSH PRIVATE KEY-----\nb3BlbnNzaC1rZXktdjEAAAAABG5vbmUAAAAEbm9uZQAAAAAAAAABAAACFwAAAAdz\nc2gtcnNhAAAAAwEAAQAAAgEAoMqYMGNHhsLy3kd3YkajafA1eT7s4eTfiMZFMv5h\nZ6F8EuIv1LplVgsJUuv+7zpH6I/vMGwyHzdFpFbJF9FYs/2Cb8MPkjoFDqjms604\nQPfyrpyf2PRBMslFChHZUysUXvvPWprnocI8M2S7drX1ye0U3YQRLnozU2p6eqxL\nE+Gr09uU9k9kf3Jx8NkClTOtv9ww2lo128VdDwn9c1mXNI/cd81cbrhJmRbX1dF3\natW1trF6588GDm9kJ2iVAQqQfchB0sluPPgqmWCjhF0DTVjWUYURpvAPJ41FFqwP\nPNMlzmRON6oghbmff6Q0XEWOvkr6xXm1O8n4eiA3WDjQXSudgOmsBdnXym7NZTns\nuMkazdC1PvOqhyMfJDZkeL02LNdF0sMiV2YnqYyBcQZWkiQudLq+guTBVVQIuUA8\nAN02jaG67ey+pIALhKldNpzwar7HhHmP7odixls8QCMquKIVi1wYR4RV7Z6l9FIu\n+aMaE6PP98PqqONplthNHjQy88c0j0NpBE/S95I/P4Lnf9miZRJUzMKvHQmZ+8nB\nj+eYXW3Kq+thHUmgGyH9Vi+RiDylIE/zApc3r9A/jgTMMNibBQBwLeYjTKjDoVin\newp5iA8/vomedbWYw0EnP021TDDGmbqZ/km2VkND0GKwmuq2kuWn7HG/w/G7kecS\nO8sAAAc4RvbC3kb2wt4AAAAHc3NoLXJzYQAAAgEAoMqYMGNHhsLy3kd3YkajafA1\neT7s4eTfiMZFMv5hZ6F8EuIv1LplVgsJUuv+7zpH6I/vMGwyHzdFpFbJF9FYs/2C\nb8MPkjoFDqjms604QPfyrpyf2PRBMslFChHZUysUXvvPWprnocI8M2S7drX1ye0U\n3YQRLnozU2p6eqxLE+Gr09uU9k9kf3Jx8NkClTOtv9ww2lo128VdDwn9c1mXNI/c\nd81cbrhJmRbX1dF3atW1trF6588GDm9kJ2iVAQqQfchB0sluPPgqmWCjhF0DTVjW\nUYURpvAPJ41FFqwPPNMlzmRON6oghbmff6Q0XEWOvkr6xXm1O8n4eiA3WDjQXSud\ngOmsBdnXym7NZTnsuMkazdC1PvOqhyMfJDZkeL02LNdF0sMiV2YnqYyBcQZWkiQu\ndLq+guTBVVQIuUA8AN02jaG67ey+pIALhKldNpzwar7HhHmP7odixls8QCMquKIV\ni1wYR4RV7Z6l9FIu+aMaE6PP98PqqONplthNHjQy88c0j0NpBE/S95I/P4Lnf9mi\nZRJUzMKvHQmZ+8nBj+eYXW3Kq+thHUmgGyH9Vi+RiDylIE/zApc3r9A/jgTMMNib\nBQBwLeYjTKjDoVinewp5iA8/vomedbWYw0EnP021TDDGmbqZ/km2VkND0GKwmuq2\nkuWn7HG/w/G7kecSO8sAAAADAQABAAACAERbTM8Jbe+TMnggDtd3a2KOzdTxVPiF\n+igmDmYq8hMB+oL2qNn5sjodsAWSMcvXTZnHkyrVXIubzl4azRv0ko7WgBzuYtDK\nHLtKP+X0Br3MC16DVIuB77PdEB5DT06Fun/U8qa0wzOoJTq+INpLaiZBxcSUsE8/\ngVF9q3s6gyJ9JrUHHXGHeBScfWckgu4WTdAKlrRFdK8tXS4XE6p11IvyewptglXJ\nv/Q222RZzDhdiYaVNkiVYSBC5+O/GNWb/aiTubQYkWaXJFkXVfzgJBa+ZUK73TDI\nztCERPJqDIJRy7lOOFh+2ZuwOegkUWRG5/PrYWgRoWQ9LYcR6iV15dKBtVpx4DgU\n+UG4QC/fFR62Xd290Nt4p9m+11DWAZxei7LYnpsR3xDVtSsO28PoQGwY2mIb92LT\n6yUvBG2DN6EPOhqdkgr3N6W7uWA0h+yCohNNyH24Z6kYC1durkOntKWw0ZKZUQ/4\nxR/7c1Ja2dg5LXgutRFVHR+Sex5l8tYjHEv24ktdNWvl6zSph+AhDjxmN+WiyX7+\nRbMpT9FAZTp5zh9lKVfWy6UNs1Uo31TIIGW0DO9Q3Ux+gPdfGZbKVYNyldTJEBAv\nsj/SXJ0y4Axqlvt8OyISMm8Btv751m0zSjuPwYW5dp6NoE2/1HZEn2FMyF2s6Eel\nURPmZ5s99HCJAAABAHcKF37vsQrVcN+mEdFxHFeZ8siVQbS5OK9r6ltOJqZYkzU2\nWSIkt+8RReLC4Y7oxkcH3TuobC47IgSds23yMku8TPvh202DxCh95LDTUbG9UWh9\nCv22rPOp6VV2D8jIHdctG+zc+JZUuod4qmY7xwrJpsNChTM/AVeUh0pn8QTPSxox\nJVb2qbPvNnLQkt7V0jLMzYjLAh0+YTbuG1wLnbZzeCIy01EU+WNvBoblub8cz2O/\nSP7EIGxnu2gWQvzlwNA7g5FlKW6v0wSafzNPpP1OWtyfNFUmNyQ053aKCxFxrrEO\nfxnT55zEVDOtcH4inQvJJYnynMihv0CjCgXTtwIAAAEBANCNEqaqjD4h7qslEL0G\nRtYYJNeSm//vC68xHZq8D1vYY+Y9snKklFMMvHg8WqUjME5yMzcptr2bBsWaHHoU\nAyvOp0RE0HPSnmUrR53yTi2B61p9P4Oy9KMkDEciJjc6cKmiGEN16jbMzCDHZ/AZ\nh5d4Qs/O/uLYKQx6KXYk/vlJHUSirKY82JbRFXtRVLM8CXbCo+eHHVrlxF9WLh9C\nJNe8pCky1y9aJjCM5n9hw9mdAjhVm9iGcB976hb9T5vlTvES+a6Q6Zv37+JODXDf\n8Fxz97oGOKLMEicIQFl6T9zzU94lXgElp/uUKFBsUyF+yLMgYdd/qVPK7ifZtHVE\ndZkAAAEBAMVfyeiMywmvzAd8iZWq1n4Pl3MMp8x9oKGusZvQhjrtK2Clqs0AMVYd\nj4mRxUUO+ZKZ5+D8KciX0Exhg6Itl+NL/xWpmfniJsZyu51H4bov2QU4eLpwXHY7\n6S6iz5yKJ3CLWDP8gPIjgX64lrM0m2D7AgZ6Otqp8HgJY9O0IyBfpSYXfqP7qP9d\nqOnEu9iHTo9XvJ80TV0czemRYTIzM8/2P53jMFq6UCu6c9Ns3bU0QCUUVjgQqa3f\nENeRFvOIQjhNoqXJJfFlq9XCJw03Bn2tqvMQn4UsTcUiQlTCj0ThKmm1x03bMN19\npBq565+zF5eJ5Lm8S2PkIPetPzBukwMAAAAAAQID\n-----END OPENSSH PRIVATE KEY-----\n",
            "private_key_pem": "-----BEGIN RSA PRIVATE KEY-----\nMIIJJwIBAAKCAgEAoMqYMGNHhsLy3kd3YkajafA1eT7s4eTfiMZFMv5hZ6F8EuIv\n1LplVgsJUuv+7zpH6I/vMGwyHzdFpFbJF9FYs/2Cb8MPkjoFDqjms604QPfyrpyf\n2PRBMslFChHZUysUXvvPWprnocI8M2S7drX1ye0U3YQRLnozU2p6eqxLE+Gr09uU\n9k9kf3Jx8NkClTOtv9ww2lo128VdDwn9c1mXNI/cd81cbrhJmRbX1dF3atW1trF6\n588GDm9kJ2iVAQqQfchB0sluPPgqmWCjhF0DTVjWUYURpvAPJ41FFqwPPNMlzmRO\nN6oghbmff6Q0XEWOvkr6xXm1O8n4eiA3WDjQXSudgOmsBdnXym7NZTnsuMkazdC1\nPvOqhyMfJDZkeL02LNdF0sMiV2YnqYyBcQZWkiQudLq+guTBVVQIuUA8AN02jaG6\n7ey+pIALhKldNpzwar7HhHmP7odixls8QCMquKIVi1wYR4RV7Z6l9FIu+aMaE6PP\n98PqqONplthNHjQy88c0j0NpBE/S95I/P4Lnf9miZRJUzMKvHQmZ+8nBj+eYXW3K\nq+thHUmgGyH9Vi+RiDylIE/zApc3r9A/jgTMMNibBQBwLeYjTKjDoVinewp5iA8/\nvomedbWYw0EnP021TDDGmbqZ/km2VkND0GKwmuq2kuWn7HG/w/G7kecSO8sCAwEA\nAQKCAgBEW0zPCW3vkzJ4IA7Xd2tijs3U8VT4hfooJg5mKvITAfqC9qjZ+bI6HbAF\nkjHL102Zx5Mq1VyLm85eGs0b9JKO1oAc7mLQyhy7Sj/l9Aa9zAteg1SLge+z3RAe\nQ09Ohbp/1PKmtMMzqCU6viDaS2omQcXElLBPP4FRfat7OoMifSa1Bx1xh3gUnH1n\nJILuFk3QCpa0RXSvLV0uFxOqddSL8nsKbYJVyb/0NttkWcw4XYmGlTZIlWEgQufj\nvxjVm/2ok7m0GJFmlyRZF1X84CQWvmVCu90wyM7QhETyagyCUcu5TjhYftmbsDno\nJFFkRufz62FoEaFkPS2HEeoldeXSgbVaceA4FPlBuEAv3xUetl3dvdDbeKfZvtdQ\n1gGcXouy2J6bEd8Q1bUrDtvD6EBsGNpiG/di0+slLwRtgzehDzoanZIK9zelu7lg\nNIfsgqITTch9uGepGAtXbq5Dp7SlsNGSmVEP+MUf+3NSWtnYOS14LrURVR0fknse\nZfLWIxxL9uJLXTVr5es0qYfgIQ48Zjflosl+/kWzKU/RQGU6ec4fZSlX1sulDbNV\nKN9UyCBltAzvUN1MfoD3XxmWylWDcpXUyRAQL7I/0lydMuAMapb7fDsiEjJvAbb+\n+dZtM0o7j8GFuXaejaBNv9R2RJ9hTMhdrOhHpVET5mebPfRwiQKCAQEA0I0SpqqM\nPiHuqyUQvQZG1hgk15Kb/+8LrzEdmrwPW9hj5j2ycqSUUwy8eDxapSMwTnIzNym2\nvZsGxZocehQDK86nRETQc9KeZStHnfJOLYHrWn0/g7L0oyQMRyImNzpwqaIYQ3Xq\nNszMIMdn8BmHl3hCz87+4tgpDHopdiT++UkdRKKspjzYltEVe1FUszwJdsKj54cd\nWuXEX1YuH0Ik17ykKTLXL1omMIzmf2HD2Z0COFWb2IZwH3vqFv1Pm+VO8RL5rpDp\nm/fv4k4NcN/wXHP3ugY4oswSJwhAWXpP3PNT3iVeASWn+5QoUGxTIX7IsyBh13+p\nU8ruJ9m0dUR1mQKCAQEAxV/J6IzLCa/MB3yJlarWfg+XcwynzH2goa6xm9CGOu0r\nYKWqzQAxVh2PiZHFRQ75kpnn4PwpyJfQTGGDoi2X40v/FamZ+eImxnK7nUfhui/Z\nBTh4unBcdjvpLqLPnIoncItYM/yA8iOBfriWszSbYPsCBno62qnweAlj07QjIF+l\nJhd+o/uo/12o6cS72IdOj1e8nzRNXRzN6ZFhMjMzz/Y/neMwWrpQK7pz02zdtTRA\nJRRWOBCprd8Q15EW84hCOE2ipckl8WWr1cInDTcGfa2q8xCfhSxNxSJCVMKPROEq\nabXHTdsw3X2kGrnrn7MXl4nkubxLY+Qg960/MG6TAwKCAQANgVU33ct/KoteIeRX\nmVR1ANNB8oiPpldHXRLhtlP4SqcNfelUazv/tM9vqdjk4MZ8DgErDVR8KtHhcf1u\nGmWqLJPAZARru7PuMUNOAyb043juPzYhvTECb48r/BYldW9eTNTtaXFlYxXE+aTN\nc5nIQU1yT6FJ512hJTgSIoswcX+ntjEgAsiz245ckgO+J6ElQ62BjMpl3IM++UG7\nXHkuT1UCJfyxYFEgy78ReK9KJFTEeSbCetI/97JNEtJY8hyOl//7Qf8ezouGSC+u\no5HZKtlb/pMkV7rFNE+We8k4Mbm4pQrVYC7kp8+Ehb9MZ/1vPCWZ4vaAKqAJjJuX\nDHvhAoIBAE0QorCHULu+hWai7MGgi9F62wKT/Wyt3Ktkn3qcR9z4P8ijxvX2Tk02\ni5YGccUOHMpuB4jkTJhDFpTMOm53aOfaA4Z8y18zOzqfD7xQlcVx60XLj/AT8TZF\nHD4WWgPgOZgLAGyD+gERdf15q3XbY5PRTjAjR5mbYwYrfGvr2Q9J6RzfbZYvrAPR\nmSN1qnbYFgeIFWEANfjWR1wcZJwKO//GQX6vd3DlcGoyigkSZ9rZxPX1Y9jOQMJf\n556TyydZm6mKPqiGyqbfsOFsxny1cHZf+fCgG/kOnGsNfmLD+NbHKB1QWbp/jCvf\nY9T/pQ2dCugjckhHShR9vZWXcqXBdusCggEAdwoXfu+xCtVw36YR0XEcV5nyyJVB\ntLk4r2vqW04mpliTNTZZIiS37xFF4sLhjujGRwfdO6hsLjsiBJ2zbfIyS7xM++Hb\nTYPEKH3ksNNRsb1RaH0K/bas86npVXYPyMgd1y0b7Nz4llS6h3iqZjvHCsmmw0KF\nMz8BV5SHSmfxBM9LGjElVvaps+82ctCS3tXSMszNiMsCHT5hNu4bXAudtnN4IjLT\nURT5Y28GhuW5vxzPY79I/sQgbGe7aBZC/OXA0DuDkWUpbq/TBJp/M0+k/U5a3J80\nVSY3JDTndooLEXGusQ5/GdPnnMRUM61wfiKdC8klifKcyKG/QKMKBdO3Ag==\n-----END RSA PRIVATE KEY-----\n",
            "private_key_pem_pkcs8": "-----BEGIN PRIVATE KEY-----\nMIIJQQIBADANBgkqhkiG9w0BAQEFAASCCSswggknAgEAAoICAQCgypgwY0eGwvLe\nR3diRqNp8DV5Puzh5N+IxkUy/mFnoXwS4i/UumVWCwlS6/7vOkfoj+8wbDIfN0Wk\nVskX0Viz/YJvww+SOgUOqOazrThA9/KunJ/Y9EEyyUUKEdlTKxRe+89amuehwjwz\nZLt2tfXJ7RTdhBEuejNTanp6rEsT4avT25T2T2R/cnHw2QKVM62/3DDaWjXbxV0P\nCf1zWZc0j9x3zVxuuEmZFtfV0Xdq1bW2sXrnzwYOb2QnaJUBCpB9yEHSyW48+CqZ\nYKOEXQNNWNZRhRGm8A8njUUWrA880yXOZE43qiCFuZ9/pDRcRY6+SvrFebU7yfh6\nIDdYONBdK52A6awF2dfKbs1lOey4yRrN0LU+86qHIx8kNmR4vTYs10XSwyJXZiep\njIFxBlaSJC50ur6C5MFVVAi5QDwA3TaNobrt7L6kgAuEqV02nPBqvseEeY/uh2LG\nWzxAIyq4ohWLXBhHhFXtnqX0Ui75oxoTo8/3w+qo42mW2E0eNDLzxzSPQ2kET9L3\nkj8/gud/2aJlElTMwq8dCZn7ycGP55hdbcqr62EdSaAbIf1WL5GIPKUgT/MClzev\n0D+OBMww2JsFAHAt5iNMqMOhWKd7CnmIDz++iZ51tZjDQSc/TbVMMMaZupn+SbZW\nQ0PQYrCa6raS5afscb/D8buR5xI7ywIDAQABAoICAERbTM8Jbe+TMnggDtd3a2KO\nzdTxVPiF+igmDmYq8hMB+oL2qNn5sjodsAWSMcvXTZnHkyrVXIubzl4azRv0ko7W\ngBzuYtDKHLtKP+X0Br3MC16DVIuB77PdEB5DT06Fun/U8qa0wzOoJTq+INpLaiZB\nxcSUsE8/gVF9q3s6gyJ9JrUHHXGHeBScfWckgu4WTdAKlrRFdK8tXS4XE6p11Ivy\newptglXJv/Q222RZzDhdiYaVNkiVYSBC5+O/GNWb/aiTubQYkWaXJFkXVfzgJBa+\nZUK73TDIztCERPJqDIJRy7lOOFh+2ZuwOegkUWRG5/PrYWgRoWQ9LYcR6iV15dKB\ntVpx4DgU+UG4QC/fFR62Xd290Nt4p9m+11DWAZxei7LYnpsR3xDVtSsO28PoQGwY\n2mIb92LT6yUvBG2DN6EPOhqdkgr3N6W7uWA0h+yCohNNyH24Z6kYC1durkOntKWw\n0ZKZUQ/4xR/7c1Ja2dg5LXgutRFVHR+Sex5l8tYjHEv24ktdNWvl6zSph+AhDjxm\nN+WiyX7+RbMpT9FAZTp5zh9lKVfWy6UNs1Uo31TIIGW0DO9Q3Ux+gPdfGZbKVYNy\nldTJEBAvsj/SXJ0y4Axqlvt8OyISMm8Btv751m0zSjuPwYW5dp6NoE2/1HZEn2FM\nyF2s6EelURPmZ5s99HCJAoIBAQDQjRKmqow+Ie6rJRC9BkbWGCTXkpv/7wuvMR2a\nvA9b2GPmPbJypJRTDLx4PFqlIzBOcjM3Kba9mwbFmhx6FAMrzqdERNBz0p5lK0ed\n8k4tgetafT+DsvSjJAxHIiY3OnCpohhDdeo2zMwgx2fwGYeXeELPzv7i2CkMeil2\nJP75SR1EoqymPNiW0RV7UVSzPAl2wqPnhx1a5cRfVi4fQiTXvKQpMtcvWiYwjOZ/\nYcPZnQI4VZvYhnAfe+oW/U+b5U7xEvmukOmb9+/iTg1w3/Bcc/e6BjiizBInCEBZ\nek/c81PeJV4BJaf7lChQbFMhfsizIGHXf6lTyu4n2bR1RHWZAoIBAQDFX8nojMsJ\nr8wHfImVqtZ+D5dzDKfMfaChrrGb0IY67StgparNADFWHY+JkcVFDvmSmefg/CnI\nl9BMYYOiLZfjS/8VqZn54ibGcrudR+G6L9kFOHi6cFx2O+kuos+ciidwi1gz/IDy\nI4F+uJazNJtg+wIGejraqfB4CWPTtCMgX6UmF36j+6j/XajpxLvYh06PV7yfNE1d\nHM3pkWEyMzPP9j+d4zBaulArunPTbN21NEAlFFY4EKmt3xDXkRbziEI4TaKlySXx\nZavVwicNNwZ9rarzEJ+FLE3FIkJUwo9E4SpptcdN2zDdfaQaueufsxeXieS5vEtj\n5CD3rT8wbpMDAoIBAA2BVTfdy38qi14h5FeZVHUA00HyiI+mV0ddEuG2U/hKpw19\n6VRrO/+0z2+p2OTgxnwOASsNVHwq0eFx/W4aZaosk8BkBGu7s+4xQ04DJvTjeO4/\nNiG9MQJvjyv8FiV1b15M1O1pcWVjFcT5pM1zmchBTXJPoUnnXaElOBIiizBxf6e2\nMSACyLPbjlySA74noSVDrYGMymXcgz75QbtceS5PVQIl/LFgUSDLvxF4r0okVMR5\nJsJ60j/3sk0S0ljyHI6X//tB/x7Oi4ZIL66jkdkq2Vv+kyRXusU0T5Z7yTgxubil\nCtVgLuSnz4SFv0xn/W88JZni9oAqoAmMm5cMe+ECggEATRCisIdQu76FZqLswaCL\n0XrbApP9bK3cq2SfepxH3Pg/yKPG9fZOTTaLlgZxxQ4cym4HiORMmEMWlMw6bndo\n59oDhnzLXzM7Op8PvFCVxXHrRcuP8BPxNkUcPhZaA+A5mAsAbIP6ARF1/Xmrddtj\nk9FOMCNHmZtjBit8a+vZD0npHN9tli+sA9GZI3WqdtgWB4gVYQA1+NZHXBxknAo7\n/8ZBfq93cOVwajKKCRJn2tnE9fVj2M5Awl/nnpPLJ1mbqYo+qIbKpt+w4WzGfLVw\ndl/58KAb+Q6caw1+YsP41scoHVBZun+MK99j1P+lDZ0K6CNySEdKFH29lZdypcF2\n6wKCAQB3Chd+77EK1XDfphHRcRxXmfLIlUG0uTiva+pbTiamWJM1NlkiJLfvEUXi\nwuGO6MZHB907qGwuOyIEnbNt8jJLvEz74dtNg8QofeSw01GxvVFofQr9tqzzqelV\ndg/IyB3XLRvs3PiWVLqHeKpmO8cKyabDQoUzPwFXlIdKZ/EEz0saMSVW9qmz7zZy\n0JLe1dIyzM2IywIdPmE27htcC522c3giMtNRFPljbwaG5bm/HM9jv0j+xCBsZ7to\nFkL85cDQO4ORZSlur9MEmn8zT6T9TlrcnzRVJjckNOd2igsRca6xDn8Z0+ecxFQz\nrXB+Ip0LySWJ8pzIob9AowoF07cC\n-----END PRIVATE KEY-----\n",
            "public_key_fingerprint_md5": "75:7d:51:01:1d:bf:14:0b:c7:5e:91:5d:fc:b0:23:65",
            "public_key_fingerprint_sha256": "SHA256:XgotITO3eqK5eF2ylrA9qgFfUiC3s5U4LV5FzCDr0CU",
            "public_key_openssh": "ssh-rsa AAAAB3NzaC1yc2EAAAADAQABAAACAQCgypgwY0eGwvLeR3diRqNp8DV5Puzh5N+IxkUy/mFnoXwS4i/UumVWCwlS6/7vOkfoj+8wbDIfN0WkVskX0Viz/YJvww+SOgUOqOazrThA9/KunJ/Y9EEyyUUKEdlTKxRe+89amuehwjwzZLt2tfXJ7RTdhBEuejNTanp6rEsT4avT25T2T2R/cnHw2QKVM62/3DDaWjXbxV0PCf1zWZc0j9x3zVxuuEmZFtfV0Xdq1bW2sXrnzwYOb2QnaJUBCpB9yEHSyW48+CqZYKOEXQNNWNZRhRGm8A8njUUWrA880yXOZE43qiCFuZ9/pDRcRY6+SvrFebU7yfh6IDdYONBdK52A6awF2dfKbs1lOey4yRrN0LU+86qHIx8kNmR4vTYs10XSwyJXZiepjIFxBlaSJC50ur6C5MFVVAi5QDwA3TaNobrt7L6kgAuEqV02nPBqvseEeY/uh2LGWzxAIyq4ohWLXBhHhFXtnqX0Ui75oxoTo8/3w+qo42mW2E0eNDLzxzSPQ2kET9L3kj8/gud/2aJlElTMwq8dCZn7ycGP55hdbcqr62EdSaAbIf1WL5GIPKUgT/MClzev0D+OBMww2JsFAHAt5iNMqMOhWKd7CnmIDz++iZ51tZjDQSc/TbVMMMaZupn+SbZWQ0PQYrCa6raS5afscb/D8buR5xI7yw==\n",
            "public_key_pem": "-----BEGIN PUBLIC KEY-----\nMIICIjANBgkqhkiG9w0BAQEFAAOCAg8AMIICCgKCAgEAoMqYMGNHhsLy3kd3Ykaj\nafA1eT7s4eTfiMZFMv5hZ6F8EuIv1LplVgsJUuv+7zpH6I/vMGwyHzdFpFbJF9FY\ns/2Cb8MPkjoFDqjms604QPfyrpyf2PRBMslFChHZUysUXvvPWprnocI8M2S7drX1\nye0U3YQRLnozU2p6eqxLE+Gr09uU9k9kf3Jx8NkClTOtv9ww2lo128VdDwn9c1mX\nNI/cd81cbrhJmRbX1dF3atW1trF6588GDm9kJ2iVAQqQfchB0sluPPgqmWCjhF0D\nTVjWUYURpvAPJ41FFqwPPNMlzmRON6oghbmff6Q0XEWOvkr6xXm1O8n4eiA3WDjQ\nXSudgOmsBdnXym7NZTnsuMkazdC1PvOqhyMfJDZkeL02LNdF0sMiV2YnqYyBcQZW\nkiQudLq+guTBVVQIuUA8AN02jaG67ey+pIALhKldNpzwar7HhHmP7odixls8QCMq\nuKIVi1wYR4RV7Z6l9FIu+aMaE6PP98PqqONplthNHjQy88c0j0NpBE/S95I/P4Ln\nf9miZRJUzMKvHQmZ+8nBj+eYXW3Kq+thHUmgGyH9Vi+RiDylIE/zApc3r9A/jgTM\nMNibBQBwLeYjTKjDoVinewp5iA8/vomedbWYw0EnP021TDDGmbqZ/km2VkND0GKw\nmuq2kuWn7HG/w/G7kecSO8sCAwEAAQ==\n-----END PUBLIC KEY-----\n",
            "rsa_bits": 4096
          },
          "sensitive_attributes": [
            [
              {
                "type": "get_attr",
                "value": "private_key_openssh"
              }
            ],
            [
              {
                "type": "get_attr",
                "value": "private_key_pem"
              }
            ],
            [
              {
                "type": "get_attr",
                "value": "private_key_pem_pkcs8"
              }
            ]
          ],
          "identity_schema_version": 0
        }
      ]
    },
    {
      "module": "module.alb",
      "mode": "managed",
      "type": "aws_lb",
      "name": "this",
      "provider": "provider[\"registry.terraform.io/hashicorp/aws\"]",
      "instances": [
        {
          "schema_version": 0,
          "attributes": {
            "access_logs": [
              {
                "bucket": "",
                "enabled": false,
                "prefix": ""
              }
            ],
            "arn": "arn:aws:elasticloadbalancing:us-east-1:973399360835:loadbalancer/app/capstone-alb/590240dd7e54abe8",
            "arn_suffix": "app/capstone-alb/590240dd7e54abe8",
            "client_keep_alive": 3600,
            "connection_logs": [
              {
                "bucket": "",
                "enabled": false,
                "prefix": ""
              }
            ],
            "customer_owned_ipv4_pool": "",
            "desync_mitigation_mode": "defensive",
            "dns_name": "capstone-alb-1717258877.us-east-1.elb.amazonaws.com",
            "dns_record_client_routing_policy": null,
            "drop_invalid_header_fields": false,
            "enable_cross_zone_load_balancing": true,
            "enable_deletion_protection": false,
            "enable_http2": true,
            "enable_tls_version_and_cipher_suite_headers": false,
            "enable_waf_fail_open": false,
            "enable_xff_client_port": false,
            "enable_zonal_shift": false,
            "enforce_security_group_inbound_rules_on_private_link_traffic": "",
            "health_check_logs": [
              {
                "bucket": "",
                "enabled": false,
                "prefix": ""
              }
            ],
            "id": "arn:aws:elasticloadbalancing:us-east-1:973399360835:loadbalancer/app/capstone-alb/590240dd7e54abe8",
            "idle_timeout": 60,
            "internal": false,
            "ip_address_type": "ipv4",
            "ipam_pools": [],
            "load_balancer_type": "application",
            "minimum_load_balancer_capacity": [],
            "name": "capstone-alb",
            "name_prefix": "",
            "preserve_host_header": false,
            "region": "us-east-1",
            "secondary_ips_auto_assigned_per_subnet": null,
            "security_groups": [
              "sg-009fc0fe697dd74c2"
            ],
            "subnet_mapping": [
              {
                "allocation_id": "",
                "ipv6_address": "",
                "outpost_id": "",
                "private_ipv4_address": "",
                "subnet_id": "subnet-00fa62c4ccd42adc7"
              },
              {
                "allocation_id": "",
                "ipv6_address": "",
                "outpost_id": "",
                "private_ipv4_address": "",
                "subnet_id": "subnet-053f69c970a6fa514"
              }
            ],
            "subnets": [
              "subnet-00fa62c4ccd42adc7",
              "subnet-053f69c970a6fa514"
            ],
            "tags": null,
            "tags_all": {},
            "timeouts": null,
            "vpc_id": "vpc-034d7808e2b1e5f93",
            "xff_header_processing_mode": "append",
            "zone_id": "Z35SXDOTRQ7X7K"
          },
          "sensitive_attributes": [],
          "identity_schema_version": 0,
          "identity": {
            "arn": "arn:aws:elasticloadbalancing:us-east-1:973399360835:loadbalancer/app/capstone-alb/590240dd7e54abe8"
          },
          "private": "eyJlMmJmYjczMC1lY2FhLTExZTYtOGY4OC0zNDM2M2JjN2M0YzAiOnsiY3JlYXRlIjo2MDAwMDAwMDAwMDAsImRlbGV0ZSI6NjAwMDAwMDAwMDAwLCJ1cGRhdGUiOjYwMDAwMDAwMDAwMH19",
          "dependencies": [
            "module.security.aws_security_group.alb_sg",
            "module.subnets.aws_subnet.public",
            "module.vpc.aws_vpc.capstone_vpc"
          ]
        }
      ]
    },
    {
      "module": "module.alb",
      "mode": "managed",
      "type": "aws_lb_listener",
      "name": "http",
      "provider": "provider[\"registry.terraform.io/hashicorp/aws\"]",
      "instances": [
        {
          "schema_version": 0,
          "attributes": {
            "alpn_policy": null,
            "arn": "arn:aws:elasticloadbalancing:us-east-1:973399360835:listener/app/capstone-alb/590240dd7e54abe8/4b508e99ea568366",
            "certificate_arn": null,
            "default_action": [
              {
                "authenticate_cognito": [],
                "authenticate_oidc": [],
                "fixed_response": [],
                "forward": [],
                "jwt_validation": [],
                "order": 1,
                "redirect": [],
                "target_group_arn": "arn:aws:elasticloadbalancing:us-east-1:973399360835:targetgroup/tf-20260417130135600800000003/ee1548836726ddd5",
                "type": "forward"
              }
            ],
            "id": "arn:aws:elasticloadbalancing:us-east-1:973399360835:listener/app/capstone-alb/590240dd7e54abe8/4b508e99ea568366",
            "load_balancer_arn": "arn:aws:elasticloadbalancing:us-east-1:973399360835:loadbalancer/app/capstone-alb/590240dd7e54abe8",
            "mutual_authentication": [],
            "port": 80,
            "protocol": "HTTP",
            "region": "us-east-1",
            "routing_http_request_x_amzn_mtls_clientcert_header_name": null,
            "routing_http_request_x_amzn_mtls_clientcert_issuer_header_name": null,
            "routing_http_request_x_amzn_mtls_clientcert_leaf_header_name": null,
            "routing_http_request_x_amzn_mtls_clientcert_serial_number_header_name": null,
            "routing_http_request_x_amzn_mtls_clientcert_subject_header_name": null,
            "routing_http_request_x_amzn_mtls_clientcert_validity_header_name": null,
            "routing_http_request_x_amzn_tls_cipher_suite_header_name": null,
            "routing_http_request_x_amzn_tls_version_header_name": null,
            "routing_http_response_access_control_allow_credentials_header_value": "",
            "routing_http_response_access_control_allow_headers_header_value": "",
            "routing_http_response_access_control_allow_methods_header_value": "",
            "routing_http_response_access_control_allow_origin_header_value": "",
            "routing_http_response_access_control_expose_headers_header_value": "",
            "routing_http_response_access_control_max_age_header_value": "",
            "routing_http_response_content_security_policy_header_value": "",
            "routing_http_response_server_enabled": true,
            "routing_http_response_strict_transport_security_header_value": "",
            "routing_http_response_x_content_type_options_header_value": "",
            "routing_http_response_x_frame_options_header_value": "",
            "ssl_policy": "",
            "tags": null,
            "tags_all": {},
            "tcp_idle_timeout_seconds": null,
            "timeouts": null
          },
          "sensitive_attributes": [],
          "identity_schema_version": 0,
          "identity": {
            "arn": "arn:aws:elasticloadbalancing:us-east-1:973399360835:listener/app/capstone-alb/590240dd7e54abe8/4b508e99ea568366"
          },
          "private": "eyJlMmJmYjczMC1lY2FhLTExZTYtOGY4OC0zNDM2M2JjN2M0YzAiOnsiY3JlYXRlIjozMDAwMDAwMDAwMDAsInVwZGF0ZSI6MzAwMDAwMDAwMDAwfX0=",
          "dependencies": [
            "module.alb.aws_lb.this",
            "module.alb.aws_lb_target_group.tg",
            "module.security.aws_security_group.alb_sg",
            "module.subnets.aws_subnet.public",
            "module.vpc.aws_vpc.capstone_vpc"
          ]
        }
      ]
    },
    {
      "module": "module.alb",
      "mode": "managed",
      "type": "aws_lb_target_group",
      "name": "tg",
      "provider": "provider[\"registry.terraform.io/hashicorp/aws\"]",
      "instances": [
        {
          "schema_version": 0,
          "attributes": {
            "arn": "arn:aws:elasticloadbalancing:us-east-1:973399360835:targetgroup/tf-20260417130135600800000003/ee1548836726ddd5",
            "arn_suffix": "targetgroup/tf-20260417130135600800000003/ee1548836726ddd5",
            "connection_termination": null,
            "deregistration_delay": "300",
            "health_check": [
              {
                "enabled": true,
                "healthy_threshold": 2,
                "interval": 30,
                "matcher": "200",
                "path": "/wp-admin/install.php",
                "port": "traffic-port",
                "protocol": "HTTP",
                "timeout": 5,
                "unhealthy_threshold": 3
              }
            ],
            "id": "arn:aws:elasticloadbalancing:us-east-1:973399360835:targetgroup/tf-20260417130135600800000003/ee1548836726ddd5",
            "ip_address_type": "ipv4",
            "lambda_multi_value_headers_enabled": false,
            "load_balancer_arns": [],
            "load_balancing_algorithm_type": "round_robin",
            "load_balancing_anomaly_mitigation": "off",
            "load_balancing_cross_zone_enabled": "use_load_balancer_configuration",
            "name": "tf-20260417130135600800000003",
            "name_prefix": "tf-",
            "port": 80,
            "preserve_client_ip": null,
            "protocol": "HTTP",
            "protocol_version": "HTTP1",
            "proxy_protocol_v2": false,
            "region": "us-east-1",
            "slow_start": 0,
            "stickiness": [
              {
                "cookie_duration": 86400,
                "cookie_name": "",
                "enabled": false,
                "type": "lb_cookie"
              }
            ],
            "tags": null,
            "tags_all": {},
            "target_control_port": 0,
            "target_failover": [
              {
                "on_deregistration": null,
                "on_unhealthy": null
              }
            ],
            "target_group_health": [
              {
                "dns_failover": [
                  {
                    "minimum_healthy_targets_count": "1",
                    "minimum_healthy_targets_percentage": "off"
                  }
                ],
                "unhealthy_state_routing": [
                  {
                    "minimum_healthy_targets_count": 1,
                    "minimum_healthy_targets_percentage": "off"
                  }
                ]
              }
            ],
            "target_health_state": [
              {
                "enable_unhealthy_connection_termination": null,
                "unhealthy_draining_interval": null
              }
            ],
            "target_type": "instance",
            "vpc_id": "vpc-034d7808e2b1e5f93"
          },
          "sensitive_attributes": [],
          "identity_schema_version": 0,
          "identity": {
            "arn": "arn:aws:elasticloadbalancing:us-east-1:973399360835:targetgroup/tf-20260417130135600800000003/ee1548836726ddd5"
          },
          "private": "bnVsbA==",
          "dependencies": [
            "module.vpc.aws_vpc.capstone_vpc"
          ]
        }
      ]
    },
    {
      "module": "module.asg",
      "mode": "data",
      "type": "aws_ssm_parameter",
      "name": "al2023",
      "provider": "provider[\"registry.terraform.io/hashicorp/aws\"]",
      "instances": [
        {
          "schema_version": 0,
          "attributes": {
            "arn": "arn:aws:ssm:us-east-1::parameter/aws/service/ami-amazon-linux-latest/al2023-ami-kernel-default-x86_64",
            "id": "/aws/service/ami-amazon-linux-latest/al2023-ami-kernel-default-x86_64",
            "insecure_value": "ami-098e39bafa7e7303d",
            "name": "/aws/service/ami-amazon-linux-latest/al2023-ami-kernel-default-x86_64",
            "region": "us-east-1",
            "type": "String",
            "value": "ami-098e39bafa7e7303d",
            "version": 160,
            "with_decryption": true
          },
          "sensitive_attributes": [
            [
              {
                "type": "get_attr",
                "value": "value"
              }
            ]
          ],
          "identity_schema_version": 0
        }
      ]
    },
    {
      "module": "module.asg",
      "mode": "managed",
      "type": "aws_autoscaling_group",
      "name": "asg",
      "provider": "provider[\"registry.terraform.io/hashicorp/aws\"]",
      "instances": [
        {
          "schema_version": 1,
          "attributes": {
            "arn": "arn:aws:autoscaling:us-east-1:973399360835:autoScalingGroup:ce1e270d-d6c7-44d3-8af3-e26a3e3fa4aa:autoScalingGroupName/terraform-2026041713133370090000000e",
            "availability_zone_distribution": [
              {
                "capacity_distribution_strategy": "balanced-best-effort"
              }
            ],
            "availability_zones": [
              "us-east-1a",
              "us-east-1b"
            ],
            "capacity_rebalance": false,
            "capacity_reservation_specification": [
              {
                "capacity_reservation_preference": "default",
                "capacity_reservation_target": []
              }
            ],
            "context": "",
            "default_cooldown": 300,
            "default_instance_warmup": 0,
            "desired_capacity": 2,
            "desired_capacity_type": "",
            "enabled_metrics": null,
            "force_delete": false,
            "force_delete_warm_pool": false,
            "health_check_grace_period": 300,
            "health_check_type": "EC2",
            "id": "terraform-2026041713133370090000000e",
            "ignore_failed_scaling_activities": false,
            "initial_lifecycle_hook": [],
            "instance_maintenance_policy": [],
            "instance_refresh": [],
            "launch_configuration": "",
            "launch_template": [
              {
                "id": "lt-0ff897b93a0bfcb48",
                "name": "capstone-wordpress-2026041713132700500000000c",
                "version": "$Latest"
              }
            ],
            "load_balancers": [],
            "max_instance_lifetime": 0,
            "max_size": 3,
            "metrics_granularity": "1Minute",
            "min_elb_capacity": null,
            "min_size": 2,
            "mixed_instances_policy": [],
            "name": "terraform-2026041713133370090000000e",
            "name_prefix": "terraform-",
            "placement_group": "",
            "predicted_capacity": 0,
            "protect_from_scale_in": false,
            "region": "us-east-1",
            "service_linked_role_arn": "arn:aws:iam::973399360835:role/aws-service-role/autoscaling.amazonaws.com/AWSServiceRoleForAutoScaling",
            "suspended_processes": null,
            "tag": [],
            "target_group_arns": [
              "arn:aws:elasticloadbalancing:us-east-1:973399360835:targetgroup/tf-20260417130135600800000003/ee1548836726ddd5"
            ],
            "termination_policies": null,
            "timeouts": null,
            "traffic_source": [
              {
                "identifier": "arn:aws:elasticloadbalancing:us-east-1:973399360835:targetgroup/tf-20260417130135600800000003/ee1548836726ddd5",
                "type": "elbv2"
              }
            ],
            "vpc_zone_identifier": [
              "subnet-00fa62c4ccd42adc7",
              "subnet-053f69c970a6fa514"
            ],
            "wait_for_capacity_timeout": "10m",
            "wait_for_elb_capacity": null,
            "warm_pool": [],
            "warm_pool_size": 0
          },
          "sensitive_attributes": [],
          "identity_schema_version": 0,
          "identity": {
            "account_id": "973399360835",
            "name": "terraform-2026041713133370090000000e",
            "region": "us-east-1"
          },
          "private": "eyJlMmJmYjczMC1lY2FhLTExZTYtOGY4OC0zNDM2M2JjN2M0YzAiOnsiZGVsZXRlIjo2MDAwMDAwMDAwMDAsInVwZGF0ZSI6NjAwMDAwMDAwMDAwfSwic2NoZW1hX3ZlcnNpb24iOiIxIn0=",
          "dependencies": [
            "aws_key_pair.deployer",
            "module.alb.aws_lb_target_group.tg",
            "module.asg.aws_launch_template.lt",
            "module.asg.data.aws_ssm_parameter.al2023",
            "module.bastion.aws_security_group.bastion_sg",
            "module.efs.aws_efs_file_system.wordpress",
            "module.rds.aws_db_instance.this",
            "module.rds.aws_db_subnet_group.this",
            "module.security.aws_security_group.alb_sg",
            "module.security.aws_security_group.db_sg",
            "module.security.aws_security_group.efs_sg",
            "module.security.aws_security_group.web_sg",
            "module.subnets.aws_subnet.private",
            "module.subnets.aws_subnet.public",
            "module.vpc.aws_vpc.capstone_vpc",
            "tls_private_key.deployer"
          ]
        }
      ]
    },
    {
      "module": "module.asg",
      "mode": "managed",
      "type": "aws_launch_template",
      "name": "lt",
      "provider": "provider[\"registry.terraform.io/hashicorp/aws\"]",
      "instances": [
        {
          "schema_version": 1,
          "attributes": {
            "arn": "arn:aws:ec2:us-east-1:973399360835:launch-template/lt-0ff897b93a0bfcb48",
            "block_device_mappings": [],
            "capacity_reservation_specification": [],
            "cpu_options": [],
            "credit_specification": [],
            "default_version": 1,
            "description": "",
            "disable_api_stop": false,
            "disable_api_termination": false,
            "ebs_optimized": "",
            "enclave_options": [],
            "hibernation_options": [],
            "iam_instance_profile": [],
            "id": "lt-0ff897b93a0bfcb48",
            "image_id": "ami-098e39bafa7e7303d",
            "instance_initiated_shutdown_behavior": "",
            "instance_market_options": [],
            "instance_requirements": [],
            "instance_type": "t3.micro",
            "kernel_id": "",
            "key_name": "capstone-key",
            "latest_version": 1,
            "license_specification": [],
            "maintenance_options": [],
            "metadata_options": [],
            "monitoring": [],
            "name": "capstone-wordpress-2026041713132700500000000c",
            "name_prefix": "capstone-wordpress-",
            "network_interfaces": [
              {
                "associate_carrier_ip_address": "",
                "associate_public_ip_address": "true",
                "connection_tracking_specification": [],
                "delete_on_termination": "",
                "description": "",
                "device_index": 0,
                "ena_srd_specification": [],
                "interface_type": "",
                "ipv4_address_count": 0,
                "ipv4_addresses": null,
                "ipv4_prefix_count": 0,
                "ipv4_prefixes": null,
                "ipv6_address_count": 0,
                "ipv6_addresses": null,
                "ipv6_prefix_count": 0,
                "ipv6_prefixes": null,
                "network_card_index": 0,
                "network_interface_id": "",
                "primary_ipv6": "",
                "private_ip_address": "",
                "security_groups": [
                  "sg-06343c1a77bd9ef68"
                ],
                "subnet_id": ""
              }
            ],
            "network_performance_options": [],
            "placement": [],
            "private_dns_name_options": [],
            "ram_disk_id": "",
            "region": "us-east-1",
            "secondary_interfaces": [],
            "security_group_names": null,
            "tag_specifications": [
              {
                "resource_type": "instance",
                "tags": {
                  "Name": "capstone-ec2-instance"
                }
              }
            ],
            "tags": null,
            "tags_all": {},
            "update_default_version": null,
            "user_data": "IyEvYmluL2Jhc2gKeXVtIHVwZGF0ZSAteQoKIyBJbnN0YWxsIEFwYWNoZSwgUEhQLCBNeVNRTCBjbGllbnQKeXVtIGluc3RhbGwgLXkgaHR0cGQgcGhwIHBocC1teXNxbGkgd2dldCBhbWF6b24tZWZzLXV0aWxzCgpzeXN0ZW1jdGwgc3RhcnQgaHR0cGQKc3lzdGVtY3RsIGVuYWJsZSBodHRwZAoKY2QgL3Zhci93d3cvaHRtbAoKIyBEb3dubG9hZCBXb3JkUHJlc3MKd2dldCBodHRwczovL3dvcmRwcmVzcy5vcmcvbGF0ZXN0LnRhci5negp0YXIgLXh6ZiBsYXRlc3QudGFyLmd6CmNwIC1yIHdvcmRwcmVzcy8qIC4Kcm0gLXJmIHdvcmRwcmVzcyBsYXRlc3QudGFyLmd6CgojIENyZWF0ZSBtb3VudCBwb2ludApta2RpciAtcCAvdmFyL3d3dy9odG1sL3dwLWNvbnRlbnQvdXBsb2FkcwoKIyBNb3VudCBFRlMKbW91bnQgLXQgZWZzIC1vIHRscyBmcy0wZmFkNzBkMDUzMDE3NmU2ZC5lZnMudXMtZWFzdC0xLmFtYXpvbmF3cy5jb206LyAvdmFyL3d3dy9odG1sL3dwLWNvbnRlbnQvdXBsb2FkcwoKIyBQZXJzaXN0IGFjcm9zcyByZWJvb3RzCmVjaG8gImZzLTBmYWQ3MGQwNTMwMTc2ZTZkLmVmcy51cy1lYXN0LTEuYW1hem9uYXdzLmNvbTovIC92YXIvd3d3L2h0bWwvd3AtY29udGVudC91cGxvYWRzIGVmcyBfbmV0ZGV2LHRscyAwIDAiID4+IC9ldGMvZnN0YWIKCiMgRml4IHBlcm1pc3Npb25zCmNob3duIC1SIGFwYWNoZTphcGFjaGUgL3Zhci93d3cvaHRtbC93cC1jb250ZW50L3VwbG9hZHMKCiMgUGVybWlzc2lvbnMKY2hvd24gLVIgYXBhY2hlOmFwYWNoZSAvdmFyL3d3dy9odG1sCmNobW9kIC1SIDc1NSAvdmFyL3d3dy9odG1sCgojIEVuYWJsZSBtb2RfcmV3cml0ZSBmb3IgV29yZFByZXNzIHBlcm1hbGlua3MgYW5kIFJFU1QgQVBJCnNlZCAtaSAncy9BbGxvd092ZXJyaWRlIE5vbmUvQWxsb3dPdmVycmlkZSBBbGwvZycgL2V0Yy9odHRwZC9jb25mL2h0dHBkLmNvbmYKCiMgQ3JlYXRlIFdvcmRQcmVzcyAuaHRhY2Nlc3MKY2F0ID4gL3Zhci93d3cvaHRtbC8uaHRhY2Nlc3MgPDwgJ0hUQUNDRVNTX0VPRicKIyBCRUdJTiBXb3JkUHJlc3MKPElmTW9kdWxlIG1vZF9yZXdyaXRlLmM+ClJld3JpdGVFbmdpbmUgT24KUmV3cml0ZUJhc2UgLwpSZXdyaXRlUnVsZSBeaW5kZXhcLnBocCQgLSBbTF0KUmV3cml0ZUNvbmQgJXtSRVFVRVNUX0ZJTEVOQU1FfSAhLWYKUmV3cml0ZUNvbmQgJXtSRVFVRVNUX0ZJTEVOQU1FfSAhLWQKUmV3cml0ZVJ1bGUgLiAvaW5kZXgucGhwIFtMXQo8L0lmTW9kdWxlPgojIEVORCBXb3JkUHJlc3MKSFRBQ0NFU1NfRU9GCgojIENvbmZpZ3VyZSBXb3JkUHJlc3MKY3Agd3AtY29uZmlnLXNhbXBsZS5waHAgd3AtY29uZmlnLnBocAoKc2VkIC1pICJzL2RhdGFiYXNlX25hbWVfaGVyZS9hcHBkYi8iIHdwLWNvbmZpZy5waHAKc2VkIC1pICJzL3VzZXJuYW1lX2hlcmUvYWRtaW4vIiB3cC1jb25maWcucGhwCnNlZCAtaSAicy9wYXNzd29yZF9oZXJlL0NoYW5nZU1lMTIzIS8iIHdwLWNvbmZpZy5waHAKc2VkIC1pICJzL2xvY2FsaG9zdC90ZXJyYWZvcm0tMjAyNjA0MTcxMzAxNDgyNzMzMDAwMDAwMGIuY3UyY3pkaXdwczFnLnVzLWVhc3QtMS5yZHMuYW1hem9uYXdzLmNvbS8iIHdwLWNvbmZpZy5waHAKCgojIEluc3RhbGwgQ1JVRCBBcHAgcGx1Z2luCm1rZGlyIC1wIC92YXIvd3d3L2h0bWwvd3AtY29udGVudC9wbHVnaW5zL2NydWQtYXBwCmNhdCA+IC92YXIvd3d3L2h0bWwvd3AtY29udGVudC9wbHVnaW5zL2NydWQtYXBwL2NydWQtYXBwLnBocCA8PCAnUExVR0lOX0VPRicKPD9waHAKLyoqCiAqIFBsdWdpbiBOYW1lOiBDUlVEIEFwcAogKiBEZXNjcmlwdGlvbjogU2ltcGxlIENSVUQgYXBwbGljYXRpb24gZm9yIG1hbmFnaW5nIHJlY29yZHMKICogVmVyc2lvbjogMS4wLjAKICovCgppZiAoICEgZGVmaW5lZCggJ0FCU1BBVEgnICkgKSBleGl0OwoKcmVnaXN0ZXJfYWN0aXZhdGlvbl9ob29rKCBfX0ZJTEVfXywgJ2NydWRfYXBwX2NyZWF0ZV90YWJsZScgKTsKCmZ1bmN0aW9uIGNydWRfYXBwX2NyZWF0ZV90YWJsZSgpIHsKICAgIGdsb2JhbCAkd3BkYjsKICAgICR0YWJsZSAgID0gJHdwZGItPnByZWZpeCAuICdjcnVkX3JlY29yZHMnOwogICAgJGNoYXJzZXQgPSAkd3BkYi0+Z2V0X2NoYXJzZXRfY29sbGF0ZSgpOwogICAgJHNxbCAgICAgPSAiQ1JFQVRFIFRBQkxFIElGIE5PVCBFWElTVFMgJHRhYmxlICgKICAgICAgICBpZCAgICAgICAgICBJTlQgICAgICAgICAgQVVUT19JTkNSRU1FTlQgUFJJTUFSWSBLRVksCiAgICAgICAgdGl0bGUgICAgICAgVkFSQ0hBUigyNTUpIE5PVCBOVUxMLAogICAgICAgIGRlc2NyaXB0aW9uIFRFWFQsCiAgICAgICAgc3RhdHVzICAgICAgVkFSQ0hBUig1MCkgIE5PVCBOVUxMIERFRkFVTFQgJ2FjdGl2ZScsCiAgICAgICAgY3JlYXRlZF9hdCAgREFURVRJTUUgICAgIE5PVCBOVUxMIERFRkFVTFQgQ1VSUkVOVF9USU1FU1RBTVAsCiAgICAgICAgdXBkYXRlZF9hdCAgREFURVRJTUUgICAgIE5PVCBOVUxMIERFRkFVTFQgQ1VSUkVOVF9USU1FU1RBTVAgT04gVVBEQVRFIENVUlJFTlRfVElNRVNUQU1QCiAgICApICRjaGFyc2V0OyI7CiAgICByZXF1aXJlX29uY2UgQUJTUEFUSCAuICd3cC1hZG1pbi9pbmNsdWRlcy91cGdyYWRlLnBocCc7CiAgICBkYkRlbHRhKCAkc3FsICk7Cn0KCmFkZF9hY3Rpb24oICdhZG1pbl9tZW51JywgJ2NydWRfYXBwX2FkbWluX21lbnUnICk7CgpmdW5jdGlvbiBjcnVkX2FwcF9hZG1pbl9tZW51KCkgewogICAgYWRkX21lbnVfcGFnZSgKICAgICAgICAnQ1JVRCBBcHAnLCAnQ1JVRCBBcHAnLCAnbWFuYWdlX29wdGlvbnMnLAogICAgICAgICdjcnVkLWFwcCcsICdjcnVkX2FwcF9hZG1pbl9wYWdlJywgJ2Rhc2hpY29ucy1saXN0LXZpZXcnCiAgICApOwp9CgpmdW5jdGlvbiBjcnVkX2FwcF9hZG1pbl9wYWdlKCkgewogICAgZ2xvYmFsICR3cGRiOwogICAgJHRhYmxlID0gJHdwZGItPnByZWZpeCAuICdjcnVkX3JlY29yZHMnOwoKICAgIGlmICggJF9TRVJWRVJbJ1JFUVVFU1RfTUVUSE9EJ10gPT09ICdQT1NUJyAmJiBjaGVja19hZG1pbl9yZWZlcmVyKCAnY3J1ZF9hcHBfYWN0aW9uJyApICkgewogICAgICAgICRhY3Rpb24gPSBzYW5pdGl6ZV90ZXh0X2ZpZWxkKCAkX1BPU1RbJ2NydWRfYWN0aW9uJ10gPz8gJycgKTsKICAgICAgICBpZiAoICRhY3Rpb24gPT09ICdjcmVhdGUnIHx8ICRhY3Rpb24gPT09ICd1cGRhdGUnICkgewogICAgICAgICAgICAkZGF0YSA9IFsKICAgICAgICAgICAgICAgICd0aXRsZScgICAgICAgPT4gc2FuaXRpemVfdGV4dF9maWVsZCggJF9QT1NUWyd0aXRsZSddICksCiAgICAgICAgICAgICAgICAnZGVzY3JpcHRpb24nID0+IHNhbml0aXplX3RleHRhcmVhX2ZpZWxkKCAkX1BPU1RbJ2Rlc2NyaXB0aW9uJ10gKSwKICAgICAgICAgICAgICAgICdzdGF0dXMnICAgICAgPT4gc2FuaXRpemVfdGV4dF9maWVsZCggJF9QT1NUWydzdGF0dXMnXSApLAogICAgICAgICAgICBdOwogICAgICAgICAgICBpZiAoICRhY3Rpb24gPT09ICdjcmVhdGUnICkgewogICAgICAgICAgICAgICAgJHdwZGItPmluc2VydCggJHRhYmxlLCAkZGF0YSApOwogICAgICAgICAgICB9IGVsc2UgewogICAgICAgICAgICAgICAgJHdwZGItPnVwZGF0ZSggJHRhYmxlLCAkZGF0YSwgWyAnaWQnID0+IGludHZhbCggJF9QT1NUWydyZWNvcmRfaWQnXSApIF0gKTsKICAgICAgICAgICAgfQogICAgICAgIH0gZWxzZWlmICggJGFjdGlvbiA9PT0gJ2RlbGV0ZScgKSB7CiAgICAgICAgICAgICR3cGRiLT5kZWxldGUoICR0YWJsZSwgWyAnaWQnID0+IGludHZhbCggJF9QT1NUWydyZWNvcmRfaWQnXSApIF0gKTsKICAgICAgICB9CiAgICAgICAgd3BfcmVkaXJlY3QoIGFkbWluX3VybCggJ2FkbWluLnBocD9wYWdlPWNydWQtYXBwJyApICk7CiAgICAgICAgZXhpdDsKICAgIH0KCiAgICAkZWRpdCA9IG51bGw7CiAgICBpZiAoIGlzc2V0KCAkX0dFVFsnZWRpdCddICkgKSB7CiAgICAgICAgJGVkaXQgPSAkd3BkYi0+Z2V0X3JvdyggJHdwZGItPnByZXBhcmUoICJTRUxFQ1QgKiBGUk9NICR0YWJsZSBXSEVSRSBpZCA9ICVkIiwgaW50dmFsKCAkX0dFVFsnZWRpdCddICkgKSApOwogICAgfQoKICAgICRyZWNvcmRzID0gJHdwZGItPmdldF9yZXN1bHRzKCAiU0VMRUNUICogRlJPTSAkdGFibGUgT1JERVIgQlkgY3JlYXRlZF9hdCBERVNDIiApOwogICAgPz4KICAgIDxkaXYgY2xhc3M9IndyYXAiPgogICAgICAgIDxoMT5DUlVEIEFwcDwvaDE+CiAgICAgICAgPGgyPjw/cGhwIGVjaG8gJGVkaXQgPyAnRWRpdCBSZWNvcmQnIDogJ0FkZCBOZXcgUmVjb3JkJzsgPz48L2gyPgogICAgICAgIDxmb3JtIG1ldGhvZD0icG9zdCI+CiAgICAgICAgICAgIDw/cGhwIHdwX25vbmNlX2ZpZWxkKCAnY3J1ZF9hcHBfYWN0aW9uJyApOyA/PgogICAgICAgICAgICA8aW5wdXQgdHlwZT0iaGlkZGVuIiBuYW1lPSJjcnVkX2FjdGlvbiIgdmFsdWU9Ijw/cGhwIGVjaG8gJGVkaXQgPyAndXBkYXRlJyA6ICdjcmVhdGUnOyA/PiI+CiAgICAgICAgICAgIDw/cGhwIGlmICggJGVkaXQgKSA6ID8+CiAgICAgICAgICAgICAgICA8aW5wdXQgdHlwZT0iaGlkZGVuIiBuYW1lPSJyZWNvcmRfaWQiIHZhbHVlPSI8P3BocCBlY2hvIGVzY19hdHRyKCAkZWRpdC0+aWQgKTsgPz4iPgogICAgICAgICAgICA8P3BocCBlbmRpZjsgPz4KICAgICAgICAgICAgPHRhYmxlIGNsYXNzPSJmb3JtLXRhYmxlIj4KICAgICAgICAgICAgICAgIDx0cj4KICAgICAgICAgICAgICAgICAgICA8dGg+PGxhYmVsIGZvcj0idGl0bGUiPlRpdGxlPC9sYWJlbD48L3RoPgogICAgICAgICAgICAgICAgICAgIDx0ZD48aW5wdXQgaWQ9InRpdGxlIiB0eXBlPSJ0ZXh0IiBuYW1lPSJ0aXRsZSIgY2xhc3M9InJlZ3VsYXItdGV4dCIKICAgICAgICAgICAgICAgICAgICAgICAgICAgICAgIHZhbHVlPSI8P3BocCBlY2hvIGVzY19hdHRyKCAkZWRpdC0+dGl0bGUgPz8gJycgKTsgPz4iIHJlcXVpcmVkPjwvdGQ+CiAgICAgICAgICAgICAgICA8L3RyPgogICAgICAgICAgICAgICAgPHRyPgogICAgICAgICAgICAgICAgICAgIDx0aD48bGFiZWwgZm9yPSJkZXNjcmlwdGlvbiI+RGVzY3JpcHRpb248L2xhYmVsPjwvdGg+CiAgICAgICAgICAgICAgICAgICAgPHRkPjx0ZXh0YXJlYSBpZD0iZGVzY3JpcHRpb24iIG5hbWU9ImRlc2NyaXB0aW9uIiByb3dzPSI0IiBjbGFzcz0ibGFyZ2UtdGV4dCI+PD9waHAKICAgICAgICAgICAgICAgICAgICAgICAgZWNobyBlc2NfdGV4dGFyZWEoICRlZGl0LT5kZXNjcmlwdGlvbiA/PyAnJyApOwogICAgICAgICAgICAgICAgICAgID8+PC90ZXh0YXJlYT48L3RkPgogICAgICAgICAgICAgICAgPC90cj4KICAgICAgICAgICAgICAgIDx0cj4KICAgICAgICAgICAgICAgICAgICA8dGg+PGxhYmVsIGZvcj0ic3RhdHVzIj5TdGF0dXM8L2xhYmVsPjwvdGg+CiAgICAgICAgICAgICAgICAgICAgPHRkPgogICAgICAgICAgICAgICAgICAgICAgICA8c2VsZWN0IGlkPSJzdGF0dXMiIG5hbWU9InN0YXR1cyI+CiAgICAgICAgICAgICAgICAgICAgICAgICAgICA8b3B0aW9uIHZhbHVlPSJhY3RpdmUiICAgPD9waHAgc2VsZWN0ZWQoICRlZGl0LT5zdGF0dXMgPz8gJ2FjdGl2ZScsICdhY3RpdmUnICk7ID8+PkFjdGl2ZTwvb3B0aW9uPgogICAgICAgICAgICAgICAgICAgICAgICAgICAgPG9wdGlvbiB2YWx1ZT0iaW5hY3RpdmUiIDw/cGhwIHNlbGVjdGVkKCAkZWRpdC0+c3RhdHVzID8/ICcnLCAnaW5hY3RpdmUnICk7ID8+PkluYWN0aXZlPC9vcHRpb24+CiAgICAgICAgICAgICAgICAgICAgICAgIDwvc2VsZWN0PgogICAgICAgICAgICAgICAgICAgIDwvdGQ+CiAgICAgICAgICAgICAgICA8L3RyPgogICAgICAgICAgICA8L3RhYmxlPgogICAgICAgICAgICA8cD4KICAgICAgICAgICAgICAgIDxidXR0b24gdHlwZT0ic3VibWl0IiBjbGFzcz0iYnV0dG9uIGJ1dHRvbi1wcmltYXJ5Ij4KICAgICAgICAgICAgICAgICAgICA8P3BocCBlY2hvICRlZGl0ID8gJ1VwZGF0ZSBSZWNvcmQnIDogJ0FkZCBSZWNvcmQnOyA/PgogICAgICAgICAgICAgICAgPC9idXR0b24+CiAgICAgICAgICAgICAgICA8P3BocCBpZiAoICRlZGl0ICkgOiA/PgogICAgICAgICAgICAgICAgICAgIDxhIGhyZWY9Ijw/cGhwIGVjaG8gYWRtaW5fdXJsKCAnYWRtaW4ucGhwP3BhZ2U9Y3J1ZC1hcHAnICk7ID8+IiBjbGFzcz0iYnV0dG9uIj5DYW5jZWw8L2E+CiAgICAgICAgICAgICAgICA8P3BocCBlbmRpZjsgPz4KICAgICAgICAgICAgPC9wPgogICAgICAgIDwvZm9ybT4KICAgICAgICA8aDI+QWxsIFJlY29yZHM8L2gyPgogICAgICAgIDx0YWJsZSBjbGFzcz0id2lkZWZhdCBzdHJpcGVkIj4KICAgICAgICAgICAgPHRoZWFkPgogICAgICAgICAgICAgICAgPHRyPjx0aD5JRDwvdGg+PHRoPlRpdGxlPC90aD48dGg+RGVzY3JpcHRpb248L3RoPjx0aD5TdGF0dXM8L3RoPjx0aD5DcmVhdGVkPC90aD48dGg+QWN0aW9uczwvdGg+PC90cj4KICAgICAgICAgICAgPC90aGVhZD4KICAgICAgICAgICAgPHRib2R5PgogICAgICAgICAgICA8P3BocCBpZiAoIGVtcHR5KCAkcmVjb3JkcyApICkgOiA/PgogICAgICAgICAgICAgICAgPHRyPjx0ZCBjb2xzcGFuPSI2Ij5ObyByZWNvcmRzIHlldC48L3RkPjwvdHI+CiAgICAgICAgICAgIDw/cGhwIGVsc2UgOiA/PgogICAgICAgICAgICAgICAgPD9waHAgZm9yZWFjaCAoICRyZWNvcmRzIGFzICRyICkgOiA/PgogICAgICAgICAgICAgICAgPHRyPgogICAgICAgICAgICAgICAgICAgIDx0ZD48P3BocCBlY2hvIGVzY19odG1sKCAkci0+aWQgKTsgPz48L3RkPgogICAgICAgICAgICAgICAgICAgIDx0ZD48P3BocCBlY2hvIGVzY19odG1sKCAkci0+dGl0bGUgKTsgPz48L3RkPgogICAgICAgICAgICAgICAgICAgIDx0ZD48P3BocCBlY2hvIGVzY19odG1sKCAkci0+ZGVzY3JpcHRpb24gKTsgPz48L3RkPgogICAgICAgICAgICAgICAgICAgIDx0ZD48P3BocCBlY2hvIGVzY19odG1sKCAkci0+c3RhdHVzICk7ID8+PC90ZD4KICAgICAgICAgICAgICAgICAgICA8dGQ+PD9waHAgZWNobyBlc2NfaHRtbCggJHItPmNyZWF0ZWRfYXQgKTsgPz48L3RkPgogICAgICAgICAgICAgICAgICAgIDx0ZD4KICAgICAgICAgICAgICAgICAgICAgICAgPGEgaHJlZj0iPD9waHAgZWNobyBhZG1pbl91cmwoICdhZG1pbi5waHA/cGFnZT1jcnVkLWFwcCZlZGl0PScgLiAkci0+aWQgKTsgPz4iCiAgICAgICAgICAgICAgICAgICAgICAgICAgIGNsYXNzPSJidXR0b24gYnV0dG9uLXNtYWxsIj5FZGl0PC9hPgogICAgICAgICAgICAgICAgICAgICAgICA8Zm9ybSBtZXRob2Q9InBvc3QiIHN0eWxlPSJkaXNwbGF5OmlubGluZSIKICAgICAgICAgICAgICAgICAgICAgICAgICAgICAgb25zdWJtaXQ9InJldHVybiBjb25maXJtKCdEZWxldGUgdGhpcyByZWNvcmQ/JykiPgogICAgICAgICAgICAgICAgICAgICAgICAgICAgPD9waHAgd3Bfbm9uY2VfZmllbGQoICdjcnVkX2FwcF9hY3Rpb24nICk7ID8+CiAgICAgICAgICAgICAgICAgICAgICAgICAgICA8aW5wdXQgdHlwZT0iaGlkZGVuIiBuYW1lPSJjcnVkX2FjdGlvbiIgIHZhbHVlPSJkZWxldGUiPgogICAgICAgICAgICAgICAgICAgICAgICAgICAgPGlucHV0IHR5cGU9ImhpZGRlbiIgbmFtZT0icmVjb3JkX2lkIiAgICB2YWx1ZT0iPD9waHAgZWNobyBlc2NfYXR0ciggJHItPmlkICk7ID8+Ij4KICAgICAgICAgICAgICAgICAgICAgICAgICAgIDxidXR0b24gdHlwZT0ic3VibWl0IiBjbGFzcz0iYnV0dG9uIGJ1dHRvbi1zbWFsbCBidXR0b24tbGluay1kZWxldGUiPkRlbGV0ZTwvYnV0dG9uPgogICAgICAgICAgICAgICAgICAgICAgICA8L2Zvcm0+CiAgICAgICAgICAgICAgICAgICAgPC90ZD4KICAgICAgICAgICAgICAgIDwvdHI+CiAgICAgICAgICAgICAgICA8P3BocCBlbmRmb3JlYWNoOyA/PgogICAgICAgICAgICA8P3BocCBlbmRpZjsgPz4KICAgICAgICAgICAgPC90Ym9keT4KICAgICAgICA8L3RhYmxlPgogICAgPC9kaXY+CiAgICA8P3BocAp9CgphZGRfc2hvcnRjb2RlKCAnY3J1ZF9hcHAnLCAnY3J1ZF9hcHBfc2hvcnRjb2RlJyApOwoKZnVuY3Rpb24gY3J1ZF9hcHBfc2hvcnRjb2RlKCkgewogICAgZ2xvYmFsICR3cGRiOwogICAgJHRhYmxlID0gJHdwZGItPnByZWZpeCAuICdjcnVkX3JlY29yZHMnOwoKICAgIGlmICggaXNfdXNlcl9sb2dnZWRfaW4oKSAmJiAkX1NFUlZFUlsnUkVRVUVTVF9NRVRIT0QnXSA9PT0gJ1BPU1QnCiAgICAgICAgICYmIGNoZWNrX2FkbWluX3JlZmVyZXIoICdjcnVkX2FwcF9mcm9udGVuZCcgKSApIHsKICAgICAgICAkYWN0aW9uID0gc2FuaXRpemVfdGV4dF9maWVsZCggJF9QT1NUWydjcnVkX2FjdGlvbiddID8/ICcnICk7CiAgICAgICAgaWYgKCAkYWN0aW9uID09PSAnY3JlYXRlJyApIHsKICAgICAgICAgICAgJHdwZGItPmluc2VydCggJHRhYmxlLCBbCiAgICAgICAgICAgICAgICAndGl0bGUnICAgICAgID0+IHNhbml0aXplX3RleHRfZmllbGQoICRfUE9TVFsndGl0bGUnXSApLAogICAgICAgICAgICAgICAgJ2Rlc2NyaXB0aW9uJyA9PiBzYW5pdGl6ZV90ZXh0YXJlYV9maWVsZCggJF9QT1NUWydkZXNjcmlwdGlvbiddICksCiAgICAgICAgICAgIF0gKTsKICAgICAgICB9IGVsc2VpZiAoICRhY3Rpb24gPT09ICdkZWxldGUnICkgewogICAgICAgICAgICAkd3BkYi0+ZGVsZXRlKCAkdGFibGUsIFsgJ2lkJyA9PiBpbnR2YWwoICRfUE9TVFsncmVjb3JkX2lkJ10gKSBdICk7CiAgICAgICAgfQogICAgICAgIHdwX3JlZGlyZWN0KCBnZXRfcGVybWFsaW5rKCkgKTsKICAgICAgICBleGl0OwogICAgfQoKICAgICRyZWNvcmRzID0gJHdwZGItPmdldF9yZXN1bHRzKAogICAgICAgICJTRUxFQ1QgKiBGUk9NICR0YWJsZSBXSEVSRSBzdGF0dXMgPSAnYWN0aXZlJyBPUkRFUiBCWSBjcmVhdGVkX2F0IERFU0MiCiAgICApOwoKICAgIG9iX3N0YXJ0KCk7CiAgICBlY2hvICc8ZGl2IGNsYXNzPSJjcnVkLWFwcCI+JzsKCiAgICBpZiAoIGlzX3VzZXJfbG9nZ2VkX2luKCkgKSA6CiAgICAgICAgPz4KICAgICAgICA8aDM+QWRkIFJlY29yZDwvaDM+CiAgICAgICAgPGZvcm0gbWV0aG9kPSJwb3N0Ij4KICAgICAgICAgICAgPD9waHAgd3Bfbm9uY2VfZmllbGQoICdjcnVkX2FwcF9mcm9udGVuZCcgKTsgPz4KICAgICAgICAgICAgPGlucHV0IHR5cGU9ImhpZGRlbiIgbmFtZT0iY3J1ZF9hY3Rpb24iIHZhbHVlPSJjcmVhdGUiPgogICAgICAgICAgICA8cD48aW5wdXQgdHlwZT0idGV4dCIgbmFtZT0idGl0bGUiIHBsYWNlaG9sZGVyPSJUaXRsZSIgcmVxdWlyZWQgc3R5bGU9IndpZHRoOjEwMCU7cGFkZGluZzo2cHgiPjwvcD4KICAgICAgICAgICAgPHA+PHRleHRhcmVhIG5hbWU9ImRlc2NyaXB0aW9uIiBwbGFjZWhvbGRlcj0iRGVzY3JpcHRpb24iIHJvd3M9IjMiIHN0eWxlPSJ3aWR0aDoxMDAlO3BhZGRpbmc6NnB4Ij48L3RleHRhcmVhPjwvcD4KICAgICAgICAgICAgPHA+PGJ1dHRvbiB0eXBlPSJzdWJtaXQiPkFkZCBSZWNvcmQ8L2J1dHRvbj48L3A+CiAgICAgICAgPC9mb3JtPgogICAgICAgIDw/cGhwCiAgICBlbmRpZjsKCiAgICBlY2hvICc8aDM+UmVjb3JkczwvaDM+JzsKICAgIGlmICggZW1wdHkoICRyZWNvcmRzICkgKSB7CiAgICAgICAgZWNobyAnPHA+Tm8gcmVjb3JkcyB5ZXQuPC9wPic7CiAgICB9IGVsc2UgewogICAgICAgIGVjaG8gJzx1bCBzdHlsZT0ibGlzdC1zdHlsZTpub25lO3BhZGRpbmc6MCI+JzsKICAgICAgICBmb3JlYWNoICggJHJlY29yZHMgYXMgJHIgKSB7CiAgICAgICAgICAgIGVjaG8gJzxsaSBzdHlsZT0icGFkZGluZzo4cHggMDtib3JkZXItYm90dG9tOjFweCBzb2xpZCAjZWVlIj4nOwogICAgICAgICAgICBlY2hvICc8c3Ryb25nPicgLiBlc2NfaHRtbCggJHItPnRpdGxlICkgLiAnPC9zdHJvbmc+JzsKICAgICAgICAgICAgaWYgKCAkci0+ZGVzY3JpcHRpb24gKSB7CiAgICAgICAgICAgICAgICBlY2hvICcgJm1kYXNoOyAnIC4gZXNjX2h0bWwoICRyLT5kZXNjcmlwdGlvbiApOwogICAgICAgICAgICB9CiAgICAgICAgICAgIGlmICggaXNfdXNlcl9sb2dnZWRfaW4oKSApIHsKICAgICAgICAgICAgICAgIGVjaG8gJyA8Zm9ybSBtZXRob2Q9InBvc3QiIHN0eWxlPSJkaXNwbGF5OmlubGluZSI+JzsKICAgICAgICAgICAgICAgIHdwX25vbmNlX2ZpZWxkKCAnY3J1ZF9hcHBfZnJvbnRlbmQnICk7CiAgICAgICAgICAgICAgICBlY2hvICc8aW5wdXQgdHlwZT0iaGlkZGVuIiBuYW1lPSJjcnVkX2FjdGlvbiIgdmFsdWU9ImRlbGV0ZSI+JzsKICAgICAgICAgICAgICAgIGVjaG8gJzxpbnB1dCB0eXBlPSJoaWRkZW4iIG5hbWU9InJlY29yZF9pZCIgdmFsdWU9IicgLiBlc2NfYXR0ciggJHItPmlkICkgLiAnIj4nOwogICAgICAgICAgICAgICAgZWNobyAnPGJ1dHRvbiB0eXBlPSJzdWJtaXQiIG9uY2xpY2s9InJldHVybiBjb25maXJtKFwnRGVsZXRlP1wnKSIgJwogICAgICAgICAgICAgICAgICAgLiAnc3R5bGU9ImJhY2tncm91bmQ6bm9uZTtib3JkZXI6bm9uZTtjb2xvcjpyZWQ7Y3Vyc29yOnBvaW50ZXIiPiYjMTAwMDU7PC9idXR0b24+JzsKICAgICAgICAgICAgICAgIGVjaG8gJzwvZm9ybT4nOwogICAgICAgICAgICB9CiAgICAgICAgICAgIGVjaG8gJzwvbGk+JzsKICAgICAgICB9CiAgICAgICAgZWNobyAnPC91bD4nOwogICAgfQoKICAgIGVjaG8gJzwvZGl2Pic7CiAgICByZXR1cm4gb2JfZ2V0X2NsZWFuKCk7Cn0KUExVR0lOX0VPRgoKIyBBY3RpdmF0ZSB0aGUgcGx1Z2luIHZpYSBXUC1DTEkgKGluc3RhbGwgV1AtQ0xJIGZpcnN0KQpjdXJsIC1zTyBodHRwczovL3Jhdy5naXRodWJ1c2VyY29udGVudC5jb20vd3AtY2xpL2J1aWxkcy9naC1wYWdlcy9waGFyL3dwLWNsaS5waGFyCmNobW9kICt4IHdwLWNsaS5waGFyCm12IHdwLWNsaS5waGFyIC91c3IvbG9jYWwvYmluL3dwCgojIFdhaXQgZm9yIFdvcmRQcmVzcyBEQiB0byBiZSByZWFjaGFibGUgYmVmb3JlIGFjdGl2YXRpbmcKdW50aWwgd3AgLS1hbGxvdy1yb290IC0tcGF0aD0vdmFyL3d3dy9odG1sIGRiIGNoZWNrIC0tcXVpZXQgMj4vZGV2L251bGw7IGRvIHNsZWVwIDU7IGRvbmUKd3AgLS1hbGxvdy1yb290IC0tcGF0aD0vdmFyL3d3dy9odG1sIHBsdWdpbiBhY3RpdmF0ZSBjcnVkLWFwcAoKY2hvd24gLVIgYXBhY2hlOmFwYWNoZSAvdmFyL3d3dy9odG1sL3dwLWNvbnRlbnQvcGx1Z2lucwoKIyBSZXN0YXJ0IEFwYWNoZQpzeXN0ZW1jdGwgcmVzdGFydCBodHRwZA==",
            "vpc_security_group_ids": null
          },
          "sensitive_attributes": [
            [
              {
                "type": "get_attr",
                "value": "image_id"
              }
            ],
            [
              {
                "type": "get_attr",
                "value": "user_data"
              }
            ]
          ],
          "identity_schema_version": 0,
          "private": "eyJzY2hlbWFfdmVyc2lvbiI6IjEifQ==",
          "dependencies": [
            "aws_key_pair.deployer",
            "module.asg.data.aws_ssm_parameter.al2023",
            "module.bastion.aws_security_group.bastion_sg",
            "module.efs.aws_efs_file_system.wordpress",
            "module.rds.aws_db_instance.this",
            "module.rds.aws_db_subnet_group.this",
            "module.security.aws_security_group.alb_sg",
            "module.security.aws_security_group.db_sg",
            "module.security.aws_security_group.efs_sg",
            "module.security.aws_security_group.web_sg",
            "module.subnets.aws_subnet.private",
            "module.vpc.aws_vpc.capstone_vpc",
            "tls_private_key.deployer"
          ]
        }
      ]
    },
    {
      "module": "module.bastion",
      "mode": "data",
      "type": "aws_ami",
      "name": "amazon_linux_2023",
      "provider": "provider[\"registry.terraform.io/hashicorp/aws\"]",
      "instances": [
        {
          "schema_version": 0,
          "attributes": {
            "allow_unsafe_filter": null,
            "architecture": "x86_64",
            "arn": "arn:aws:ec2:us-east-1::image/ami-0102a36b3e9d5e4df",
            "block_device_mappings": [
              {
                "device_name": "/dev/xvda",
                "ebs": {
                  "delete_on_termination": "true",
                  "encrypted": "false",
                  "iops": "3000",
                  "snapshot_id": "snap-0a62a91546948f67e",
                  "throughput": "125",
                  "volume_initialization_rate": "0",
                  "volume_size": "30",
                  "volume_type": "gp3"
                },
                "no_device": "",
                "virtual_name": ""
              }
            ],
            "boot_mode": "uefi-preferred",
            "creation_date": "2026-04-14T22:46:52.000Z",
            "deprecation_time": "2028-04-14T22:46:52.000Z",
            "description": "Amazon Linux AMI 2023.0.20260414 x86_64 ECS HVM EBS",
            "ena_support": true,
            "executable_users": null,
            "filter": [
              {
                "name": "architecture",
                "values": [
                  "x86_64"
                ]
              },
              {
                "name": "name",
                "values": [
                  "al2023-ami-*-x86_64"
                ]
              }
            ],
            "hypervisor": "xen",
            "id": "ami-0102a36b3e9d5e4df",
            "image_id": "ami-0102a36b3e9d5e4df",
            "image_location": "amazon/al2023-ami-ecs-hvm-2023.0.20260414-kernel-6.1-x86_64",
            "image_owner_alias": "amazon",
            "image_type": "machine",
            "imds_support": "v2.0",
            "include_deprecated": false,
            "kernel_id": "",
            "last_launched_time": "",
            "most_recent": true,
            "name": "al2023-ami-ecs-hvm-2023.0.20260414-kernel-6.1-x86_64",
            "name_regex": null,
            "owner_id": "591542846629",
            "owners": [
              "amazon"
            ],
            "platform": "",
            "platform_details": "Linux/UNIX",
            "product_codes": [],
            "public": true,
            "ramdisk_id": "",
            "region": "us-east-1",
            "root_device_name": "/dev/xvda",
            "root_device_type": "ebs",
            "root_snapshot_id": "snap-0a62a91546948f67e",
            "sriov_net_support": "simple",
            "state": "available",
            "state_reason": {
              "code": "UNSET",
              "message": "UNSET"
            },
            "tags": {},
            "timeouts": null,
            "tpm_support": "",
            "uefi_data": null,
            "usage_operation": "RunInstances",
            "virtualization_type": "hvm"
          },
          "sensitive_attributes": [],
          "identity_schema_version": 0
        }
      ]
    },
    {
      "module": "module.bastion",
      "mode": "managed",
      "type": "aws_instance",
      "name": "bastion",
      "provider": "provider[\"registry.terraform.io/hashicorp/aws\"]",
      "instances": [
        {
          "schema_version": 2,
          "attributes": {
            "ami": "ami-0102a36b3e9d5e4df",
            "arn": "arn:aws:ec2:us-east-1:973399360835:instance/i-00a9f5703799b4c1a",
            "associate_public_ip_address": true,
            "availability_zone": "us-east-1a",
            "capacity_reservation_specification": [
              {
                "capacity_reservation_preference": "open",
                "capacity_reservation_target": []
              }
            ],
            "cpu_options": [
              {
                "amd_sev_snp": "",
                "core_count": 1,
                "nested_virtualization": "",
                "threads_per_core": 2
              }
            ],
            "credit_specification": [
              {
                "cpu_credits": "unlimited"
              }
            ],
            "disable_api_stop": false,
            "disable_api_termination": false,
            "ebs_block_device": [],
            "ebs_optimized": false,
            "enable_primary_ipv6": null,
            "enclave_options": [
              {
                "enabled": false
              }
            ],
            "ephemeral_block_device": [],
            "force_destroy": false,
            "get_password_data": false,
            "hibernation": false,
            "host_id": "",
            "host_resource_group_arn": null,
            "iam_instance_profile": "",
            "id": "i-00a9f5703799b4c1a",
            "instance_initiated_shutdown_behavior": "stop",
            "instance_lifecycle": "",
            "instance_market_options": [],
            "instance_state": "running",
            "instance_type": "t3.micro",
            "ipv6_address_count": 0,
            "ipv6_addresses": [],
            "key_name": "capstone-key",
            "launch_template": [],
            "maintenance_options": [
              {
                "auto_recovery": "default"
              }
            ],
            "metadata_options": [
              {
                "http_endpoint": "enabled",
                "http_protocol_ipv6": "disabled",
                "http_put_response_hop_limit": 2,
                "http_tokens": "required",
                "instance_metadata_tags": "disabled"
              }
            ],
            "monitoring": false,
            "network_interface": [],
            "outpost_arn": "",
            "password_data": "",
            "placement_group": "",
            "placement_group_id": "",
            "placement_partition_number": 0,
            "primary_network_interface": [
              {
                "delete_on_termination": true,
                "network_interface_id": "eni-043a5862ddfdb97c8"
              }
            ],
            "primary_network_interface_id": "eni-043a5862ddfdb97c8",
            "private_dns": "ip-192-168-0-8.ec2.internal",
            "private_dns_name_options": [
              {
                "enable_resource_name_dns_a_record": false,
                "enable_resource_name_dns_aaaa_record": false,
                "hostname_type": "ip-name"
              }
            ],
            "private_ip": "192.168.0.8",
            "public_dns": "",
            "public_ip": "54.164.104.100",
            "region": "us-east-1",
            "root_block_device": [
              {
                "delete_on_termination": true,
                "device_name": "/dev/xvda",
                "encrypted": false,
                "iops": 3000,
                "kms_key_id": "",
                "tags": {},
                "tags_all": {},
                "throughput": 125,
                "volume_id": "vol-0e3f5ba58ce4ef1bc",
                "volume_size": 30,
                "volume_type": "gp3"
              }
            ],
            "secondary_network_interface": [],
            "secondary_private_ips": [],
            "security_groups": [],
            "source_dest_check": true,
            "spot_instance_request_id": "",
            "subnet_id": "subnet-00fa62c4ccd42adc7",
            "tags": {
              "Name": "bastion-host"
            },
            "tags_all": {
              "Name": "bastion-host"
            },
            "tenancy": "default",
            "timeouts": null,
            "user_data": null,
            "user_data_base64": null,
            "user_data_replace_on_change": false,
            "volume_tags": null,
            "vpc_security_group_ids": [
              "sg-070ff844c81e2bde6"
            ]
          },
          "sensitive_attributes": [],
          "identity_schema_version": 0,
          "identity": {
            "account_id": "973399360835",
            "id": "i-00a9f5703799b4c1a",
            "region": "us-east-1"
          },
          "private": "eyJlMmJmYjczMC1lY2FhLTExZTYtOGY4OC0zNDM2M2JjN2M0YzAiOnsiY3JlYXRlIjo2MDAwMDAwMDAwMDAsImRlbGV0ZSI6MTIwMDAwMDAwMDAwMCwicmVhZCI6OTAwMDAwMDAwMDAwLCJ1cGRhdGUiOjYwMDAwMDAwMDAwMH0sInNjaGVtYV92ZXJzaW9uIjoiMiJ9",
          "dependencies": [
            "aws_key_pair.deployer",
            "module.bastion.aws_security_group.bastion_sg",
            "module.bastion.data.aws_ami.amazon_linux_2023",
            "module.subnets.aws_subnet.public",
            "module.vpc.aws_vpc.capstone_vpc",
            "tls_private_key.deployer"
          ]
        }
      ]
    },
    {
      "module": "module.bastion",
      "mode": "managed",
      "type": "aws_security_group",
      "name": "bastion_sg",
      "provider": "provider[\"registry.terraform.io/hashicorp/aws\"]",
      "instances": [
        {
          "schema_version": 1,
          "attributes": {
            "arn": "arn:aws:ec2:us-east-1:973399360835:security-group/sg-070ff844c81e2bde6",
            "description": "Managed by Terraform",
            "egress": [
              {
                "cidr_blocks": [
                  "0.0.0.0/0"
                ],
                "description": "",
                "from_port": 0,
                "ipv6_cidr_blocks": [],
                "prefix_list_ids": [],
                "protocol": "-1",
                "security_groups": [],
                "self": false,
                "to_port": 0
              }
            ],
            "id": "sg-070ff844c81e2bde6",
            "ingress": [
              {
                "cidr_blocks": [
                  "0.0.0.0/0"
                ],
                "description": "SSH from my IP",
                "from_port": 22,
                "ipv6_cidr_blocks": [],
                "prefix_list_ids": [],
                "protocol": "tcp",
                "security_groups": [],
                "self": false,
                "to_port": 22
              }
            ],
            "name": "terraform-20260417130135598700000002",
            "name_prefix": "terraform-",
            "owner_id": "973399360835",
            "region": "us-east-1",
            "revoke_rules_on_delete": false,
            "tags": {
              "Name": "bastion-sg"
            },
            "tags_all": {
              "Name": "bastion-sg"
            },
            "timeouts": null,
            "vpc_id": "vpc-034d7808e2b1e5f93"
          },
          "sensitive_attributes": [],
          "identity_schema_version": 0,
          "identity": {
            "account_id": "973399360835",
            "id": "sg-070ff844c81e2bde6",
            "region": "us-east-1"
          },
          "private": "eyJlMmJmYjczMC1lY2FhLTExZTYtOGY4OC0zNDM2M2JjN2M0YzAiOnsiY3JlYXRlIjo2MDAwMDAwMDAwMDAsImRlbGV0ZSI6OTAwMDAwMDAwMDAwfSwic2NoZW1hX3ZlcnNpb24iOiIxIn0=",
          "dependencies": [
            "module.vpc.aws_vpc.capstone_vpc"
          ]
        }
      ]
    },
    {
      "module": "module.efs",
      "mode": "managed",
      "type": "aws_efs_file_system",
      "name": "wordpress",
      "provider": "provider[\"registry.terraform.io/hashicorp/aws\"]",
      "instances": [
        {
          "schema_version": 0,
          "attributes": {
            "arn": "arn:aws:elasticfilesystem:us-east-1:973399360835:file-system/fs-0fad70d0530176e6d",
            "availability_zone_id": "",
            "availability_zone_name": "",
            "creation_token": "terraform-20260417130132783900000001",
            "dns_name": "fs-0fad70d0530176e6d.efs.us-east-1.amazonaws.com",
            "encrypted": true,
            "id": "fs-0fad70d0530176e6d",
            "kms_key_id": "arn:aws:kms:us-east-1:973399360835:key/23d02841-f777-4f6f-8433-2f8b4c6ab7c9",
            "lifecycle_policy": [],
            "name": "wordpress-efs",
            "number_of_mount_targets": 0,
            "owner_id": "973399360835",
            "performance_mode": "generalPurpose",
            "protection": [
              {
                "replication_overwrite": "ENABLED"
              }
            ],
            "provisioned_throughput_in_mibps": 0,
            "region": "us-east-1",
            "size_in_bytes": [
              {
                "value": 6144,
                "value_in_ia": 0,
                "value_in_standard": 6144
              }
            ],
            "tags": {
              "Name": "wordpress-efs"
            },
            "tags_all": {
              "Name": "wordpress-efs"
            },
            "throughput_mode": "bursting"
          },
          "sensitive_attributes": [],
          "identity_schema_version": 0,
          "private": "bnVsbA=="
        }
      ]
    },
    {
      "module": "module.efs",
      "mode": "managed",
      "type": "aws_efs_mount_target",
      "name": "this",
      "provider": "provider[\"registry.terraform.io/hashicorp/aws\"]",
      "instances": [
        {
          "index_key": 0,
          "schema_version": 0,
          "attributes": {
            "availability_zone_id": "use1-az6",
            "availability_zone_name": "us-east-1a",
            "dns_name": "fs-0fad70d0530176e6d.efs.us-east-1.amazonaws.com",
            "file_system_arn": "arn:aws:elasticfilesystem:us-east-1:973399360835:file-system/fs-0fad70d0530176e6d",
            "file_system_id": "fs-0fad70d0530176e6d",
            "id": "fsmt-06c30f9d865375e73",
            "ip_address": "192.168.0.6",
            "ip_address_type": "IPV4_ONLY",
            "ipv6_address": "",
            "mount_target_dns_name": "us-east-1a.fs-0fad70d0530176e6d.efs.us-east-1.amazonaws.com",
            "network_interface_id": "eni-0345836b8cb4847f2",
            "owner_id": "973399360835",
            "region": "us-east-1",
            "security_groups": [
              "sg-082d9bc6a043c626a"
            ],
            "subnet_id": "subnet-00fa62c4ccd42adc7",
            "timeouts": null
          },
          "sensitive_attributes": [],
          "identity_schema_version": 0,
          "private": "eyJlMmJmYjczMC1lY2FhLTExZTYtOGY4OC0zNDM2M2JjN2M0YzAiOnsiY3JlYXRlIjoxODAwMDAwMDAwMDAwLCJkZWxldGUiOjYwMDAwMDAwMDAwMH19",
          "dependencies": [
            "module.bastion.aws_security_group.bastion_sg",
            "module.efs.aws_efs_file_system.wordpress",
            "module.security.aws_security_group.alb_sg",
            "module.security.aws_security_group.efs_sg",
            "module.security.aws_security_group.web_sg",
            "module.subnets.aws_subnet.public",
            "module.vpc.aws_vpc.capstone_vpc"
          ]
        },
        {
          "index_key": 1,
          "schema_version": 0,
          "attributes": {
            "availability_zone_id": "use1-az1",
            "availability_zone_name": "us-east-1b",
            "dns_name": "fs-0fad70d0530176e6d.efs.us-east-1.amazonaws.com",
            "file_system_arn": "arn:aws:elasticfilesystem:us-east-1:973399360835:file-system/fs-0fad70d0530176e6d",
            "file_system_id": "fs-0fad70d0530176e6d",
            "id": "fsmt-0d5adc914a7135211",
            "ip_address": "192.168.0.26",
            "ip_address_type": "IPV4_ONLY",
            "ipv6_address": "",
            "mount_target_dns_name": "us-east-1b.fs-0fad70d0530176e6d.efs.us-east-1.amazonaws.com",
            "network_interface_id": "eni-0b0cf69ef91ee1d7e",
            "owner_id": "973399360835",
            "region": "us-east-1",
            "security_groups": [
              "sg-082d9bc6a043c626a"
            ],
            "subnet_id": "subnet-053f69c970a6fa514",
            "timeouts": null
          },
          "sensitive_attributes": [],
          "identity_schema_version": 0,
          "private": "eyJlMmJmYjczMC1lY2FhLTExZTYtOGY4OC0zNDM2M2JjN2M0YzAiOnsiY3JlYXRlIjoxODAwMDAwMDAwMDAwLCJkZWxldGUiOjYwMDAwMDAwMDAwMH19",
          "dependencies": [
            "module.bastion.aws_security_group.bastion_sg",
            "module.efs.aws_efs_file_system.wordpress",
            "module.security.aws_security_group.alb_sg",
            "module.security.aws_security_group.efs_sg",
            "module.security.aws_security_group.web_sg",
            "module.subnets.aws_subnet.public",
            "module.vpc.aws_vpc.capstone_vpc"
          ]
        }
      ]
    },
    {
      "module": "module.rds",
      "mode": "managed",
      "type": "aws_db_instance",
      "name": "this",
      "provider": "provider[\"registry.terraform.io/hashicorp/aws\"]",
      "instances": [
        {
          "schema_version": 2,
          "attributes": {
            "address": "terraform-2026041713014827330000000b.cu2czdiwps1g.us-east-1.rds.amazonaws.com",
            "allocated_storage": 10,
            "allow_major_version_upgrade": null,
            "apply_immediately": false,
            "arn": "arn:aws:rds:us-east-1:973399360835:db:terraform-2026041713014827330000000b",
            "auto_minor_version_upgrade": true,
            "availability_zone": "us-east-1a",
            "backup_retention_period": 0,
            "backup_target": "region",
            "backup_window": "09:41-10:11",
            "blue_green_update": [],
            "ca_cert_identifier": "rds-ca-rsa2048-g1",
            "character_set_name": "",
            "copy_tags_to_snapshot": false,
            "custom_iam_instance_profile": "",
            "customer_owned_ip_enabled": false,
            "database_insights_mode": "standard",
            "db_name": "appdb",
            "db_subnet_group_name": "terraform-20260417130146310700000009",
            "dedicated_log_volume": false,
            "delete_automated_backups": true,
            "deletion_protection": false,
            "domain": "",
            "domain_auth_secret_arn": "",
            "domain_dns_ips": null,
            "domain_fqdn": "",
            "domain_iam_role_name": "",
            "domain_ou": "",
            "enabled_cloudwatch_logs_exports": null,
            "endpoint": "terraform-2026041713014827330000000b.cu2czdiwps1g.us-east-1.rds.amazonaws.com:3306",
            "engine": "mysql",
            "engine_lifecycle_support": "open-source-rds-extended-support",
            "engine_version": "8.4.8",
            "engine_version_actual": "8.4.8",
            "final_snapshot_identifier": null,
            "hosted_zone_id": "Z2R2ITUGPM61AM",
            "iam_database_authentication_enabled": false,
            "id": "db-RCGQU5YGIJIJTPGMLSTVMAUDLA",
            "identifier": "terraform-2026041713014827330000000b",
            "identifier_prefix": "terraform-",
            "instance_class": "db.t3.micro",
            "iops": 0,
            "kms_key_id": "",
            "latest_restorable_time": "",
            "license_model": "general-public-license",
            "listener_endpoint": [],
            "maintenance_window": "wed:03:25-wed:03:55",
            "manage_master_user_password": null,
            "master_user_secret": [],
            "master_user_secret_kms_key_id": null,
            "max_allocated_storage": 0,
            "monitoring_interval": 0,
            "monitoring_role_arn": "",
            "multi_az": true,
            "nchar_character_set_name": "",
            "network_type": "IPV4",
            "option_group_name": "default:mysql-8-4",
            "parameter_group_name": "default.mysql8.4",
            "password": "ChangeMe123!",
            "password_wo": null,
            "password_wo_version": null,
            "performance_insights_enabled": false,
            "performance_insights_kms_key_id": "",
            "performance_insights_retention_period": 0,
            "port": 3306,
            "publicly_accessible": false,
            "region": "us-east-1",
            "replica_mode": "",
            "replicas": [],
            "replicate_source_db": "",
            "resource_id": "db-RCGQU5YGIJIJTPGMLSTVMAUDLA",
            "restore_to_point_in_time": [],
            "s3_import": [],
            "skip_final_snapshot": true,
            "snapshot_identifier": null,
            "status": "available",
            "storage_encrypted": false,
            "storage_throughput": 0,
            "storage_type": "gp2",
            "tags": {
              "Name": "rds_instance"
            },
            "tags_all": {
              "Name": "rds_instance"
            },
            "timeouts": null,
            "timezone": "",
            "upgrade_rollout_order": "second",
            "upgrade_storage_config": null,
            "username": "admin",
            "vpc_security_group_ids": [
              "sg-05aceaa26b79a53a6"
            ]
          },
          "sensitive_attributes": [
            [
              {
                "type": "get_attr",
                "value": "password"
              }
            ],
            [
              {
                "type": "get_attr",
                "value": "password_wo"
              }
            ]
          ],
          "identity_schema_version": 0,
          "private": "eyJlMmJmYjczMC1lY2FhLTExZTYtOGY4OC0zNDM2M2JjN2M0YzAiOnsiY3JlYXRlIjozMDAwMDAwMDAwMDAwLCJkZWxldGUiOjM2MDAwMDAwMDAwMDAsInVwZGF0ZSI6NDgwMDAwMDAwMDAwMH0sInNjaGVtYV92ZXJzaW9uIjoiMiJ9",
          "dependencies": [
            "module.bastion.aws_security_group.bastion_sg",
            "module.rds.aws_db_subnet_group.this",
            "module.security.aws_security_group.alb_sg",
            "module.security.aws_security_group.db_sg",
            "module.security.aws_security_group.efs_sg",
            "module.security.aws_security_group.web_sg",
            "module.subnets.aws_subnet.private",
            "module.vpc.aws_vpc.capstone_vpc"
          ]
        }
      ]
    },
    {
      "module": "module.rds",
      "mode": "managed",
      "type": "aws_db_subnet_group",
      "name": "this",
      "provider": "provider[\"registry.terraform.io/hashicorp/aws\"]",
      "instances": [
        {
          "schema_version": 0,
          "attributes": {
            "arn": "arn:aws:rds:us-east-1:973399360835:subgrp:terraform-20260417130146310700000009",
            "description": "Managed by Terraform",
            "id": "terraform-20260417130146310700000009",
            "name": "terraform-20260417130146310700000009",
            "name_prefix": "terraform-",
            "region": "us-east-1",
            "subnet_ids": [
              "subnet-04634f264d2e09c67",
              "subnet-0a791e347590d550a"
            ],
            "supported_network_types": [
              "IPV4"
            ],
            "tags": null,
            "tags_all": {},
            "vpc_id": "vpc-034d7808e2b1e5f93"
          },
          "sensitive_attributes": [],
          "identity_schema_version": 0,
          "private": "bnVsbA==",
          "dependencies": [
            "module.bastion.aws_security_group.bastion_sg",
            "module.security.aws_security_group.alb_sg",
            "module.security.aws_security_group.db_sg",
            "module.security.aws_security_group.efs_sg",
            "module.security.aws_security_group.web_sg",
            "module.subnets.aws_subnet.private",
            "module.vpc.aws_vpc.capstone_vpc"
          ]
        }
      ]
    },
    {
      "module": "module.routing",
      "mode": "managed",
      "type": "aws_route_table",
      "name": "public",
      "provider": "provider[\"registry.terraform.io/hashicorp/aws\"]",
      "instances": [
        {
          "schema_version": 0,
          "attributes": {
            "arn": "arn:aws:ec2:us-east-1:973399360835:route-table/rtb-050131ca063d47722",
            "id": "rtb-050131ca063d47722",
            "owner_id": "973399360835",
            "propagating_vgws": [],
            "region": "us-east-1",
            "route": [
              {
                "carrier_gateway_id": "",
                "cidr_block": "0.0.0.0/0",
                "core_network_arn": "",
                "destination_prefix_list_id": "",
                "egress_only_gateway_id": "",
                "gateway_id": "igw-06292c07960b51ccb",
                "ipv6_cidr_block": "",
                "local_gateway_id": "",
                "nat_gateway_id": "",
                "network_interface_id": "",
                "transit_gateway_id": "",
                "vpc_endpoint_id": "",
                "vpc_peering_connection_id": ""
              }
            ],
            "tags": null,
            "tags_all": {},
            "timeouts": null,
            "vpc_id": "vpc-034d7808e2b1e5f93"
          },
          "sensitive_attributes": [],
          "identity_schema_version": 0,
          "identity": {
            "account_id": "973399360835",
            "id": "rtb-050131ca063d47722",
            "region": "us-east-1"
          },
          "private": "eyJlMmJmYjczMC1lY2FhLTExZTYtOGY4OC0zNDM2M2JjN2M0YzAiOnsiY3JlYXRlIjozMDAwMDAwMDAwMDAsImRlbGV0ZSI6MzAwMDAwMDAwMDAwLCJ1cGRhdGUiOjEyMDAwMDAwMDAwMH19",
          "dependencies": [
            "module.vpc.aws_internet_gateway.igw",
            "module.vpc.aws_vpc.capstone_vpc"
          ]
        }
      ]
    },
    {
      "module": "module.routing",
      "mode": "managed",
      "type": "aws_route_table_association",
      "name": "public_assoc",
      "provider": "provider[\"registry.terraform.io/hashicorp/aws\"]",
      "instances": [
        {
          "index_key": 0,
          "schema_version": 0,
          "attributes": {
            "gateway_id": "",
            "id": "rtbassoc-094faf98ee35b6042",
            "region": "us-east-1",
            "route_table_id": "rtb-050131ca063d47722",
            "subnet_id": "subnet-00fa62c4ccd42adc7",
            "timeouts": null
          },
          "sensitive_attributes": [],
          "identity_schema_version": 0,
          "identity": {
            "account_id": "973399360835",
            "id": "rtbassoc-094faf98ee35b6042",
            "region": "us-east-1"
          },
          "private": "eyJlMmJmYjczMC1lY2FhLTExZTYtOGY4OC0zNDM2M2JjN2M0YzAiOnsiY3JlYXRlIjozMDAwMDAwMDAwMDAsImRlbGV0ZSI6MzAwMDAwMDAwMDAwLCJ1cGRhdGUiOjEyMDAwMDAwMDAwMH19",
          "dependencies": [
            "module.routing.aws_route_table.public",
            "module.subnets.aws_subnet.public",
            "module.vpc.aws_internet_gateway.igw",
            "module.vpc.aws_vpc.capstone_vpc"
          ]
        },
        {
          "index_key": 1,
          "schema_version": 0,
          "attributes": {
            "gateway_id": "",
            "id": "rtbassoc-0219ec94a8d770087",
            "region": "us-east-1",
            "route_table_id": "rtb-050131ca063d47722",
            "subnet_id": "subnet-053f69c970a6fa514",
            "timeouts": null
          },
          "sensitive_attributes": [],
          "identity_schema_version": 0,
          "identity": {
            "account_id": "973399360835",
            "id": "rtbassoc-0219ec94a8d770087",
            "region": "us-east-1"
          },
          "private": "eyJlMmJmYjczMC1lY2FhLTExZTYtOGY4OC0zNDM2M2JjN2M0YzAiOnsiY3JlYXRlIjozMDAwMDAwMDAwMDAsImRlbGV0ZSI6MzAwMDAwMDAwMDAwLCJ1cGRhdGUiOjEyMDAwMDAwMDAwMH19",
          "dependencies": [
            "module.routing.aws_route_table.public",
            "module.subnets.aws_subnet.public",
            "module.vpc.aws_internet_gateway.igw",
            "module.vpc.aws_vpc.capstone_vpc"
          ]
        }
      ]
    },
    {
      "module": "module.security",
      "mode": "managed",
      "type": "aws_security_group",
      "name": "alb_sg",
      "provider": "provider[\"registry.terraform.io/hashicorp/aws\"]",
      "instances": [
        {
          "schema_version": 1,
          "attributes": {
            "arn": "arn:aws:ec2:us-east-1:973399360835:security-group/sg-009fc0fe697dd74c2",
            "description": "Managed by Terraform",
            "egress": [
              {
                "cidr_blocks": [
                  "0.0.0.0/0"
                ],
                "description": "",
                "from_port": 0,
                "ipv6_cidr_blocks": [],
                "prefix_list_ids": [],
                "protocol": "-1",
                "security_groups": [],
                "self": false,
                "to_port": 0
              }
            ],
            "id": "sg-009fc0fe697dd74c2",
            "ingress": [
              {
                "cidr_blocks": [
                  "0.0.0.0/0"
                ],
                "description": "",
                "from_port": 80,
                "ipv6_cidr_blocks": [],
                "prefix_list_ids": [],
                "protocol": "tcp",
                "security_groups": [],
                "self": false,
                "to_port": 80
              }
            ],
            "name": "terraform-20260417130135600900000004",
            "name_prefix": "terraform-",
            "owner_id": "973399360835",
            "region": "us-east-1",
            "revoke_rules_on_delete": false,
            "tags": {
              "Name": "aws_sg_load_balancer"
            },
            "tags_all": {
              "Name": "aws_sg_load_balancer"
            },
            "timeouts": null,
            "vpc_id": "vpc-034d7808e2b1e5f93"
          },
          "sensitive_attributes": [],
          "identity_schema_version": 0,
          "identity": {
            "account_id": "973399360835",
            "id": "sg-009fc0fe697dd74c2",
            "region": "us-east-1"
          },
          "private": "eyJlMmJmYjczMC1lY2FhLTExZTYtOGY4OC0zNDM2M2JjN2M0YzAiOnsiY3JlYXRlIjo2MDAwMDAwMDAwMDAsImRlbGV0ZSI6OTAwMDAwMDAwMDAwfSwic2NoZW1hX3ZlcnNpb24iOiIxIn0=",
          "dependencies": [
            "module.vpc.aws_vpc.capstone_vpc"
          ]
        }
      ]
    },
    {
      "module": "module.security",
      "mode": "managed",
      "type": "aws_security_group",
      "name": "db_sg",
      "provider": "provider[\"registry.terraform.io/hashicorp/aws\"]",
      "instances": [
        {
          "schema_version": 1,
          "attributes": {
            "arn": "arn:aws:ec2:us-east-1:973399360835:security-group/sg-05aceaa26b79a53a6",
            "description": "Managed by Terraform",
            "egress": [],
            "id": "sg-05aceaa26b79a53a6",
            "ingress": [
              {
                "cidr_blocks": [],
                "description": "",
                "from_port": 3306,
                "ipv6_cidr_blocks": [],
                "prefix_list_ids": [],
                "protocol": "tcp",
                "security_groups": [
                  "sg-06343c1a77bd9ef68"
                ],
                "self": false,
                "to_port": 3306
              }
            ],
            "name": "terraform-20260417130142866900000007",
            "name_prefix": "terraform-",
            "owner_id": "973399360835",
            "region": "us-east-1",
            "revoke_rules_on_delete": false,
            "tags": {
              "Name": "aws_sg_database"
            },
            "tags_all": {
              "Name": "aws_sg_database"
            },
            "timeouts": null,
            "vpc_id": "vpc-034d7808e2b1e5f93"
          },
          "sensitive_attributes": [],
          "identity_schema_version": 0,
          "identity": {
            "account_id": "973399360835",
            "id": "sg-05aceaa26b79a53a6",
            "region": "us-east-1"
          },
          "private": "eyJlMmJmYjczMC1lY2FhLTExZTYtOGY4OC0zNDM2M2JjN2M0YzAiOnsiY3JlYXRlIjo2MDAwMDAwMDAwMDAsImRlbGV0ZSI6OTAwMDAwMDAwMDAwfSwic2NoZW1hX3ZlcnNpb24iOiIxIn0=",
          "dependencies": [
            "module.bastion.aws_security_group.bastion_sg",
            "module.security.aws_security_group.alb_sg",
            "module.security.aws_security_group.web_sg",
            "module.vpc.aws_vpc.capstone_vpc"
          ]
        }
      ]
    },
    {
      "module": "module.security",
      "mode": "managed",
      "type": "aws_security_group",
      "name": "efs_sg",
      "provider": "provider[\"registry.terraform.io/hashicorp/aws\"]",
      "instances": [
        {
          "schema_version": 1,
          "attributes": {
            "arn": "arn:aws:ec2:us-east-1:973399360835:security-group/sg-082d9bc6a043c626a",
            "description": "Managed by Terraform",
            "egress": [
              {
                "cidr_blocks": [
                  "0.0.0.0/0"
                ],
                "description": "",
                "from_port": 0,
                "ipv6_cidr_blocks": [],
                "prefix_list_ids": [],
                "protocol": "-1",
                "security_groups": [],
                "self": false,
                "to_port": 0
              }
            ],
            "id": "sg-082d9bc6a043c626a",
            "ingress": [
              {
                "cidr_blocks": [],
                "description": "NFS from web instances",
                "from_port": 2049,
                "ipv6_cidr_blocks": [],
                "prefix_list_ids": [],
                "protocol": "tcp",
                "security_groups": [
                  "sg-06343c1a77bd9ef68"
                ],
                "self": false,
                "to_port": 2049
              }
            ],
            "name": "terraform-20260417130142867000000008",
            "name_prefix": "terraform-",
            "owner_id": "973399360835",
            "region": "us-east-1",
            "revoke_rules_on_delete": false,
            "tags": {
              "Name": "aws_sg_efs"
            },
            "tags_all": {
              "Name": "aws_sg_efs"
            },
            "timeouts": null,
            "vpc_id": "vpc-034d7808e2b1e5f93"
          },
          "sensitive_attributes": [],
          "identity_schema_version": 0,
          "identity": {
            "account_id": "973399360835",
            "id": "sg-082d9bc6a043c626a",
            "region": "us-east-1"
          },
          "private": "eyJlMmJmYjczMC1lY2FhLTExZTYtOGY4OC0zNDM2M2JjN2M0YzAiOnsiY3JlYXRlIjo2MDAwMDAwMDAwMDAsImRlbGV0ZSI6OTAwMDAwMDAwMDAwfSwic2NoZW1hX3ZlcnNpb24iOiIxIn0=",
          "dependencies": [
            "module.bastion.aws_security_group.bastion_sg",
            "module.security.aws_security_group.alb_sg",
            "module.security.aws_security_group.web_sg",
            "module.vpc.aws_vpc.capstone_vpc"
          ]
        }
      ]
    },
    {
      "module": "module.security",
      "mode": "managed",
      "type": "aws_security_group",
      "name": "web_sg",
      "provider": "provider[\"registry.terraform.io/hashicorp/aws\"]",
      "instances": [
        {
          "schema_version": 1,
          "attributes": {
            "arn": "arn:aws:ec2:us-east-1:973399360835:security-group/sg-06343c1a77bd9ef68",
            "description": "Managed by Terraform",
            "egress": [
              {
                "cidr_blocks": [
                  "0.0.0.0/0"
                ],
                "description": "",
                "from_port": 0,
                "ipv6_cidr_blocks": [],
                "prefix_list_ids": [],
                "protocol": "-1",
                "security_groups": [],
                "self": false,
                "to_port": 0
              }
            ],
            "id": "sg-06343c1a77bd9ef68",
            "ingress": [
              {
                "cidr_blocks": [],
                "description": "HTTP from ALB",
                "from_port": 80,
                "ipv6_cidr_blocks": [],
                "prefix_list_ids": [],
                "protocol": "tcp",
                "security_groups": [
                  "sg-009fc0fe697dd74c2"
                ],
                "self": false,
                "to_port": 80
              },
              {
                "cidr_blocks": [],
                "description": "SSH from Bastion only",
                "from_port": 22,
                "ipv6_cidr_blocks": [],
                "prefix_list_ids": [],
                "protocol": "tcp",
                "security_groups": [
                  "sg-070ff844c81e2bde6"
                ],
                "self": false,
                "to_port": 22
              }
            ],
            "name": "terraform-20260417130139370100000006",
            "name_prefix": "terraform-",
            "owner_id": "973399360835",
            "region": "us-east-1",
            "revoke_rules_on_delete": false,
            "tags": {
              "Name": "aws_sg_web"
            },
            "tags_all": {
              "Name": "aws_sg_web"
            },
            "timeouts": null,
            "vpc_id": "vpc-034d7808e2b1e5f93"
          },
          "sensitive_attributes": [],
          "identity_schema_version": 0,
          "identity": {
            "account_id": "973399360835",
            "id": "sg-06343c1a77bd9ef68",
            "region": "us-east-1"
          },
          "private": "eyJlMmJmYjczMC1lY2FhLTExZTYtOGY4OC0zNDM2M2JjN2M0YzAiOnsiY3JlYXRlIjo2MDAwMDAwMDAwMDAsImRlbGV0ZSI6OTAwMDAwMDAwMDAwfSwic2NoZW1hX3ZlcnNpb24iOiIxIn0=",
          "dependencies": [
            "module.bastion.aws_security_group.bastion_sg",
            "module.security.aws_security_group.alb_sg",
            "module.vpc.aws_vpc.capstone_vpc"
          ]
        }
      ]
    },
    {
      "module": "module.subnets",
      "mode": "managed",
      "type": "aws_subnet",
      "name": "private",
      "provider": "provider[\"registry.terraform.io/hashicorp/aws\"]",
      "instances": [
        {
          "index_key": 0,
          "schema_version": 1,
          "attributes": {
            "arn": "arn:aws:ec2:us-east-1:973399360835:subnet/subnet-0a791e347590d550a",
            "assign_ipv6_address_on_creation": false,
            "availability_zone": "us-east-1a",
            "availability_zone_id": "use1-az6",
            "cidr_block": "192.168.0.32/28",
            "customer_owned_ipv4_pool": "",
            "enable_dns64": false,
            "enable_lni_at_device_index": 0,
            "enable_resource_name_dns_a_record_on_launch": false,
            "enable_resource_name_dns_aaaa_record_on_launch": false,
            "id": "subnet-0a791e347590d550a",
            "ipv4_ipam_pool_id": null,
            "ipv4_netmask_length": null,
            "ipv6_cidr_block": "",
            "ipv6_cidr_block_association_id": "",
            "ipv6_ipam_pool_id": null,
            "ipv6_native": false,
            "ipv6_netmask_length": null,
            "map_customer_owned_ip_on_launch": false,
            "map_public_ip_on_launch": false,
            "outpost_arn": "",
            "owner_id": "973399360835",
            "private_dns_hostname_type_on_launch": "ip-name",
            "region": "us-east-1",
            "tags": {
              "Name": "private-subnet-1"
            },
            "tags_all": {
              "Name": "private-subnet-1"
            },
            "timeouts": null,
            "vpc_id": "vpc-034d7808e2b1e5f93"
          },
          "sensitive_attributes": [],
          "identity_schema_version": 0,
          "identity": {
            "account_id": "973399360835",
            "id": "subnet-0a791e347590d550a",
            "region": "us-east-1"
          },
          "private": "eyJlMmJmYjczMC1lY2FhLTExZTYtOGY4OC0zNDM2M2JjN2M0YzAiOnsiY3JlYXRlIjo2MDAwMDAwMDAwMDAsImRlbGV0ZSI6MTIwMDAwMDAwMDAwMH0sInNjaGVtYV92ZXJzaW9uIjoiMSJ9",
          "dependencies": [
            "module.vpc.aws_vpc.capstone_vpc"
          ]
        },
        {
          "index_key": 1,
          "schema_version": 1,
          "attributes": {
            "arn": "arn:aws:ec2:us-east-1:973399360835:subnet/subnet-04634f264d2e09c67",
            "assign_ipv6_address_on_creation": false,
            "availability_zone": "us-east-1b",
            "availability_zone_id": "use1-az1",
            "cidr_block": "192.168.0.48/28",
            "customer_owned_ipv4_pool": "",
            "enable_dns64": false,
            "enable_lni_at_device_index": 0,
            "enable_resource_name_dns_a_record_on_launch": false,
            "enable_resource_name_dns_aaaa_record_on_launch": false,
            "id": "subnet-04634f264d2e09c67",
            "ipv4_ipam_pool_id": null,
            "ipv4_netmask_length": null,
            "ipv6_cidr_block": "",
            "ipv6_cidr_block_association_id": "",
            "ipv6_ipam_pool_id": null,
            "ipv6_native": false,
            "ipv6_netmask_length": null,
            "map_customer_owned_ip_on_launch": false,
            "map_public_ip_on_launch": false,
            "outpost_arn": "",
            "owner_id": "973399360835",
            "private_dns_hostname_type_on_launch": "ip-name",
            "region": "us-east-1",
            "tags": {
              "Name": "private-subnet-2"
            },
            "tags_all": {
              "Name": "private-subnet-2"
            },
            "timeouts": null,
            "vpc_id": "vpc-034d7808e2b1e5f93"
          },
          "sensitive_attributes": [],
          "identity_schema_version": 0,
          "identity": {
            "account_id": "973399360835",
            "id": "subnet-04634f264d2e09c67",
            "region": "us-east-1"
          },
          "private": "eyJlMmJmYjczMC1lY2FhLTExZTYtOGY4OC0zNDM2M2JjN2M0YzAiOnsiY3JlYXRlIjo2MDAwMDAwMDAwMDAsImRlbGV0ZSI6MTIwMDAwMDAwMDAwMH0sInNjaGVtYV92ZXJzaW9uIjoiMSJ9",
          "dependencies": [
            "module.vpc.aws_vpc.capstone_vpc"
          ]
        }
      ]
    },
    {
      "module": "module.subnets",
      "mode": "managed",
      "type": "aws_subnet",
      "name": "public",
      "provider": "provider[\"registry.terraform.io/hashicorp/aws\"]",
      "instances": [
        {
          "index_key": 0,
          "schema_version": 1,
          "attributes": {
            "arn": "arn:aws:ec2:us-east-1:973399360835:subnet/subnet-00fa62c4ccd42adc7",
            "assign_ipv6_address_on_creation": false,
            "availability_zone": "us-east-1a",
            "availability_zone_id": "use1-az6",
            "cidr_block": "192.168.0.0/28",
            "customer_owned_ipv4_pool": "",
            "enable_dns64": false,
            "enable_lni_at_device_index": 0,
            "enable_resource_name_dns_a_record_on_launch": false,
            "enable_resource_name_dns_aaaa_record_on_launch": false,
            "id": "subnet-00fa62c4ccd42adc7",
            "ipv4_ipam_pool_id": null,
            "ipv4_netmask_length": null,
            "ipv6_cidr_block": "",
            "ipv6_cidr_block_association_id": "",
            "ipv6_ipam_pool_id": null,
            "ipv6_native": false,
            "ipv6_netmask_length": null,
            "map_customer_owned_ip_on_launch": false,
            "map_public_ip_on_launch": true,
            "outpost_arn": "",
            "owner_id": "973399360835",
            "private_dns_hostname_type_on_launch": "ip-name",
            "region": "us-east-1",
            "tags": {
              "Name": "public-subnet-1"
            },
            "tags_all": {
              "Name": "public-subnet-1"
            },
            "timeouts": null,
            "vpc_id": "vpc-034d7808e2b1e5f93"
          },
          "sensitive_attributes": [],
          "identity_schema_version": 0,
          "identity": {
            "account_id": "973399360835",
            "id": "subnet-00fa62c4ccd42adc7",
            "region": "us-east-1"
          },
          "private": "eyJlMmJmYjczMC1lY2FhLTExZTYtOGY4OC0zNDM2M2JjN2M0YzAiOnsiY3JlYXRlIjo2MDAwMDAwMDAwMDAsImRlbGV0ZSI6MTIwMDAwMDAwMDAwMH0sInNjaGVtYV92ZXJzaW9uIjoiMSJ9",
          "dependencies": [
            "module.vpc.aws_vpc.capstone_vpc"
          ]
        },
        {
          "index_key": 1,
          "schema_version": 1,
          "attributes": {
            "arn": "arn:aws:ec2:us-east-1:973399360835:subnet/subnet-053f69c970a6fa514",
            "assign_ipv6_address_on_creation": false,
            "availability_zone": "us-east-1b",
            "availability_zone_id": "use1-az1",
            "cidr_block": "192.168.0.16/28",
            "customer_owned_ipv4_pool": "",
            "enable_dns64": false,
            "enable_lni_at_device_index": 0,
            "enable_resource_name_dns_a_record_on_launch": false,
            "enable_resource_name_dns_aaaa_record_on_launch": false,
            "id": "subnet-053f69c970a6fa514",
            "ipv4_ipam_pool_id": null,
            "ipv4_netmask_length": null,
            "ipv6_cidr_block": "",
            "ipv6_cidr_block_association_id": "",
            "ipv6_ipam_pool_id": null,
            "ipv6_native": false,
            "ipv6_netmask_length": null,
            "map_customer_owned_ip_on_launch": false,
            "map_public_ip_on_launch": true,
            "outpost_arn": "",
            "owner_id": "973399360835",
            "private_dns_hostname_type_on_launch": "ip-name",
            "region": "us-east-1",
            "tags": {
              "Name": "public-subnet-2"
            },
            "tags_all": {
              "Name": "public-subnet-2"
            },
            "timeouts": null,
            "vpc_id": "vpc-034d7808e2b1e5f93"
          },
          "sensitive_attributes": [],
          "identity_schema_version": 0,
          "identity": {
            "account_id": "973399360835",
            "id": "subnet-053f69c970a6fa514",
            "region": "us-east-1"
          },
          "private": "eyJlMmJmYjczMC1lY2FhLTExZTYtOGY4OC0zNDM2M2JjN2M0YzAiOnsiY3JlYXRlIjo2MDAwMDAwMDAwMDAsImRlbGV0ZSI6MTIwMDAwMDAwMDAwMH0sInNjaGVtYV92ZXJzaW9uIjoiMSJ9",
          "dependencies": [
            "module.vpc.aws_vpc.capstone_vpc"
          ]
        }
      ]
    },
    {
      "module": "module.vpc",
      "mode": "managed",
      "type": "aws_internet_gateway",
      "name": "igw",
      "provider": "provider[\"registry.terraform.io/hashicorp/aws\"]",
      "instances": [
        {
          "schema_version": 0,
          "attributes": {
            "arn": "arn:aws:ec2:us-east-1:973399360835:internet-gateway/igw-06292c07960b51ccb",
            "id": "igw-06292c07960b51ccb",
            "owner_id": "973399360835",
            "region": "us-east-1",
            "tags": null,
            "tags_all": {},
            "timeouts": null,
            "vpc_id": "vpc-034d7808e2b1e5f93"
          },
          "sensitive_attributes": [],
          "identity_schema_version": 0,
          "private": "eyJlMmJmYjczMC1lY2FhLTExZTYtOGY4OC0zNDM2M2JjN2M0YzAiOnsiY3JlYXRlIjoxMjAwMDAwMDAwMDAwLCJkZWxldGUiOjEyMDAwMDAwMDAwMDAsInVwZGF0ZSI6MTIwMDAwMDAwMDAwMH19",
          "dependencies": [
            "module.vpc.aws_vpc.capstone_vpc"
          ]
        }
      ]
    },
    {
      "module": "module.vpc",
      "mode": "managed",
      "type": "aws_vpc",
      "name": "capstone_vpc",
      "provider": "provider[\"registry.terraform.io/hashicorp/aws\"]",
      "instances": [
        {
          "schema_version": 1,
          "attributes": {
            "arn": "arn:aws:ec2:us-east-1:973399360835:vpc/vpc-034d7808e2b1e5f93",
            "assign_generated_ipv6_cidr_block": false,
            "cidr_block": "192.168.0.0/26",
            "default_network_acl_id": "acl-028025fba0f0273e0",
            "default_route_table_id": "rtb-0cd3af6600d837d4d",
            "default_security_group_id": "sg-0f4622f265f49d6bd",
            "dhcp_options_id": "dopt-0b24ef4521667c7a9",
            "enable_dns_hostnames": false,
            "enable_dns_support": true,
            "enable_network_address_usage_metrics": false,
            "id": "vpc-034d7808e2b1e5f93",
            "instance_tenancy": "default",
            "ipv4_ipam_pool_id": null,
            "ipv4_netmask_length": null,
            "ipv6_association_id": "",
            "ipv6_cidr_block": "",
            "ipv6_cidr_block_network_border_group": "",
            "ipv6_ipam_pool_id": "",
            "ipv6_netmask_length": 0,
            "main_route_table_id": "rtb-0cd3af6600d837d4d",
            "owner_id": "973399360835",
            "region": "us-east-1",
            "tags": {
              "Name": "capstone_vpc"
            },
            "tags_all": {
              "Name": "capstone_vpc"
            }
          },
          "sensitive_attributes": [],
          "identity_schema_version": 0,
          "identity": {
            "account_id": "973399360835",
            "id": "vpc-034d7808e2b1e5f93",
            "region": "us-east-1"
          },
          "private": "eyJzY2hlbWFfdmVyc2lvbiI6IjEifQ=="
        }
      ]
    }
  ],
  "check_results": null
}
